// !$*UTF8*$!
{
	archiveVersion = 1;
	classes = {
	};
	objectVersion = 46;
	objects = {

/* Begin PBXBuildFile section */
		05FC9EEA69A4A40AF4788C2C /* backend-launch.json in Resources */ = {isa = PBXBuildFile; fileRef = FB6226BF4553C20C00C67C75 /* backend-launch.json */; };
		14F902CF956BD84EEDA57A6A /* FloatingWidgetPanel.swift in Sources */ = {isa = PBXBuildFile; fileRef = 7162B9DA06A13CE647667D7D /* FloatingWidgetPanel.swift */; };
		1DCFF40AD83965E1F45319AF /* APIClient.swift in Sources */ = {isa = PBXBuildFile; fileRef = 7C8AF80C8B49BC80F490F4AE /* APIClient.swift */; };
		22F078B8ABF295915407418A /* Cocoa.framework in Frameworks */ = {isa = PBXBuildFile; fileRef = BF2BDB873DE2AF9A19C212C9 /* Cocoa.framework */; };
		2E9FE85BA3C5B8076DF357DA /* WidgetSnapshotViews.swift in Sources */ = {isa = PBXBuildFile; fileRef = 6FA9AB5FFF117131FA8CD695 /* WidgetSnapshotViews.swift */; };
		3441D7A27A5F18C0679C6FFB /* SessionStore.swift in Sources */ = {isa = PBXBuildFile; fileRef = 7D8665F8FA240D58F55D9871 /* SessionStore.swift */; };
		574D4F3072934F7575B92836 /* SnapshotStore.swift in Sources */ = {isa = PBXBuildFile; fileRef = 1494D9672F6E03B13FBD9652 /* SnapshotStore.swift */; };
		64C210FE1B163DFE09A456DB /* AINewsWidgets.appex in Embed App Extensions */ = {isa = PBXBuildFile; fileRef = 90803AC0F6EF0BAC7B4E109E /* AINewsWidgets.appex */; };
		6590A9CC140DCFBFA8AA5C51 /* libAINewsWidgetShared.a in Frameworks */ = {isa = PBXBuildFile; fileRef = 21293BEA7597FC9EB765FC2F /* libAINewsWidgetShared.a */; };
		7367CF330989EF5A6B101179 /* libAINewsWidgetShared.a in Frameworks */ = {isa = PBXBuildFile; fileRef = 21293BEA7597FC9EB765FC2F /* libAINewsWidgetShared.a */; };
		85492801E52EE94B3936B8D2 /* RootView.swift in Sources */ = {isa = PBXBuildFile; fileRef = EFF596AC233A5BB413414846 /* RootView.swift */; };
		8B343599FAF23C5ECD4FE11C /* AINewsMacApp.swift in Sources */ = {isa = PBXBuildFile; fileRef = 49D19A17FBB0543B5215BBCB /* AINewsMacApp.swift */; };
		940C1FA72C923F1B880E94A5 /* AppState.swift in Sources */ = {isa = PBXBuildFile; fileRef = F382ED9D4B0DD3F9B672EA5C /* AppState.swift */; };
		9B940239DC3D43BD809894E1 /* Theme.swift in Sources */ = {isa = PBXBuildFile; fileRef = 1CA515D6FF900F5EBF18494A /* Theme.swift */; };
		A7CDA4C39F288FFB5C517319 /* BackendDiscovery.swift in Sources */ = {isa = PBXBuildFile; fileRef = C990A18C759FE21DFC0A4F30 /* BackendDiscovery.swift */; };
		A80D0746C5CBF50D2FF93831 /* AINewsWidgets.swift in Sources */ = {isa = PBXBuildFile; fileRef = EB57B91F81666C74F7B4E6EE /* AINewsWidgets.swift */; };
		B49BB0D9C2050B24017CFAFF /* WidgetIntents.swift in Sources */ = {isa = PBXBuildFile; fileRef = 199BB5458300A5D5A215449E /* WidgetIntents.swift */; };
		B99C23DDEBFF641EE847B504 /* Models.swift in Sources */ = {isa = PBXBuildFile; fileRef = C9107559406A445F7E83E7D7 /* Models.swift */; };
		D4DFB781442B3DAF3137B38C /* Cocoa.framework in Frameworks */ = {isa = PBXBuildFile; fileRef = BF2BDB873DE2AF9A19C212C9 /* Cocoa.framework */; };
		EC6FA7B9414617C83A1B5DB3 /* BackendSupervisor.swift in Sources */ = {isa = PBXBuildFile; fileRef = 268F782925AEBC06EB7330C5 /* BackendSupervisor.swift */; };
/* End PBXBuildFile section */

/* Begin PBXContainerItemProxy section */
		044DE013859A0925AFDF0291 /* PBXContainerItemProxy */ = {
			isa = PBXContainerItemProxy;
			containerPortal = 17D9467CA4DF3BB12B60E610 /* Project object */;
			proxyType = 1;
			remoteGlobalIDString = 1794C269B2D19D17F5CBAB5F;
			remoteInfo = AINewsWidgets;
		};
		CB4A979257E6AAACD05BCD81 /* PBXContainerItemProxy */ = {
			isa = PBXContainerItemProxy;
			containerPortal = 17D9467CA4DF3BB12B60E610 /* Project object */;
			proxyType = 1;
			remoteGlobalIDString = 14A1D049C2B06B7D8FE12FF3;
			remoteInfo = AINewsWidgetShared;
		};
		D881DA91B2F36CA1C17FE9C6 /* PBXContainerItemProxy */ = {
			isa = PBXContainerItemProxy;
			containerPortal = 17D9467CA4DF3BB12B60E610 /* Project object */;
			proxyType = 1;
			remoteGlobalIDString = 14A1D049C2B06B7D8FE12FF3;
			remoteInfo = AINewsWidgetShared;
		};
/* End PBXContainerItemProxy section */

/* Begin PBXCopyFilesBuildPhase section */
		E2123A9001C749772CD2F03B /* Embed App Extensions */ = {
			isa = PBXCopyFilesBuildPhase;
			buildActionMask = 2147483647;
			dstPath = "";
			dstSubfolderSpec = 13;
			files = (
				64C210FE1B163DFE09A456DB /* AINewsWidgets.appex in Embed App Extensions */,
			);
			name = "Embed App Extensions";
			runOnlyForDeploymentPostprocessing = 0;
		};
/* End PBXCopyFilesBuildPhase section */

/* Begin PBXFileReference section */
		0A0D55149B230081F4E5A7BE /* AINewsMacApp-Info.plist */ = {isa = PBXFileReference; includeInIndex = 1; lastKnownFileType = text.plist.xml; path = "AINewsMacApp-Info.plist"; sourceTree = "<group>"; };
		1494D9672F6E03B13FBD9652 /* SnapshotStore.swift */ = {isa = PBXFileReference; includeInIndex = 1; lastKnownFileType = sourcecode.swift; path = SnapshotStore.swift; sourceTree = "<group>"; };
		199BB5458300A5D5A215449E /* WidgetIntents.swift */ = {isa = PBXFileReference; includeInIndex = 1; lastKnownFileType = sourcecode.swift; path = WidgetIntents.swift; sourceTree = "<group>"; };
		1CA515D6FF900F5EBF18494A /* Theme.swift */ = {isa = PBXFileReference; includeInIndex = 1; lastKnownFileType = sourcecode.swift; path = Theme.swift; sourceTree = "<group>"; };
		21293BEA7597FC9EB765FC2F /* libAINewsWidgetShared.a */ = {isa = PBXFileReference; explicitFileType = archive.ar; includeInIndex = 1; path = libAINewsWidgetShared.a; sourceTree = BUILT_PRODUCTS_DIR; };
		268F782925AEBC06EB7330C5 /* BackendSupervisor.swift */ = {isa = PBXFileReference; includeInIndex = 1; lastKnownFileType = sourcecode.swift; path = BackendSupervisor.swift; sourceTree = "<group>"; };
		375F7FB5F30E8FFC16A8682F /* AINewsMacApp.entitlements */ = {isa = PBXFileReference; includeInIndex = 1; lastKnownFileType = text.plist.entitlements; path = AINewsMacApp.entitlements; sourceTree = "<group>"; };
		49D19A17FBB0543B5215BBCB /* AINewsMacApp.swift */ = {isa = PBXFileReference; includeInIndex = 1; lastKnownFileType = sourcecode.swift; path = AINewsMacApp.swift; sourceTree = "<group>"; };
		52EF7EEF78B180A9DA0CF023 /* AINewsWidgets.entitlements */ = {isa = PBXFileReference; includeInIndex = 1; lastKnownFileType = text.plist.entitlements; path = AINewsWidgets.entitlements; sourceTree = "<group>"; };
		6FA9AB5FFF117131FA8CD695 /* WidgetSnapshotViews.swift */ = {isa = PBXFileReference; includeInIndex = 1; lastKnownFileType = sourcecode.swift; path = WidgetSnapshotViews.swift; sourceTree = "<group>"; };
		7162B9DA06A13CE647667D7D /* FloatingWidgetPanel.swift */ = {isa = PBXFileReference; includeInIndex = 1; lastKnownFileType = sourcecode.swift; path = FloatingWidgetPanel.swift; sourceTree = "<group>"; };
		7C8AF80C8B49BC80F490F4AE /* APIClient.swift */ = {isa = PBXFileReference; includeInIndex = 1; lastKnownFileType = sourcecode.swift; path = APIClient.swift; sourceTree = "<group>"; };
		7D8665F8FA240D58F55D9871 /* SessionStore.swift */ = {isa = PBXFileReference; includeInIndex = 1; lastKnownFileType = sourcecode.swift; path = SessionStore.swift; sourceTree = "<group>"; };
		880ACA19229828EAEB1EA3E0 /* AINewsWidgets-Info.plist */ = {isa = PBXFileReference; includeInIndex = 1; lastKnownFileType = text.plist.xml; path = "AINewsWidgets-Info.plist"; sourceTree = "<group>"; };
		90803AC0F6EF0BAC7B4E109E /* AINewsWidgets.appex */ = {isa = PBXFileReference; explicitFileType = "wrapper.app-extension"; includeInIndex = 1; path = AINewsWidgets.appex; sourceTree = BUILT_PRODUCTS_DIR; };
		BF2BDB873DE2AF9A19C212C9 /* Cocoa.framework */ = {isa = PBXFileReference; lastKnownFileType = wrapper.framework; name = Cocoa.framework; path = Platforms/MacOSX.platform/Developer/SDKs/MacOSX15.0.sdk/System/Library/Frameworks/Cocoa.framework; sourceTree = DEVELOPER_DIR; };
		C9107559406A445F7E83E7D7 /* Models.swift */ = {isa = PBXFileReference; includeInIndex = 1; lastKnownFileType = sourcecode.swift; path = Models.swift; sourceTree = "<group>"; };
		C990A18C759FE21DFC0A4F30 /* BackendDiscovery.swift */ = {isa = PBXFileReference; includeInIndex = 1; lastKnownFileType = sourcecode.swift; path = BackendDiscovery.swift; sourceTree = "<group>"; };
		D369368ACC54CA6372D962CF /* AINewsMacApp.app */ = {isa = PBXFileReference; explicitFileType = wrapper.application; includeInIndex = 1; path = AINewsMacApp.app; sourceTree = BUILT_PRODUCTS_DIR; };
		EB57B91F81666C74F7B4E6EE /* AINewsWidgets.swift */ = {isa = PBXFileReference; includeInIndex = 1; lastKnownFileType = sourcecode.swift; path = AINewsWidgets.swift; sourceTree = "<group>"; };
		EFF596AC233A5BB413414846 /* RootView.swift */ = {isa = PBXFileReference; includeInIndex = 1; lastKnownFileType = sourcecode.swift; path = RootView.swift; sourceTree = "<group>"; };
		F382ED9D4B0DD3F9B672EA5C /* AppState.swift */ = {isa = PBXFileReference; includeInIndex = 1; lastKnownFileType = sourcecode.swift; path = AppState.swift; sourceTree = "<group>"; };
		FB6226BF4553C20C00C67C75 /* backend-launch.json */ = {isa = PBXFileReference; includeInIndex = 1; path = "backend-launch.json"; sourceTree = "<group>"; };
/* End PBXFileReference section */

/* Begin PBXFrameworksBuildPhase section */
		0C28FFFEC066AAFB910A0A91 /* Frameworks */ = {
			isa = PBXFrameworksBuildPhase;
			buildActionMask = 2147483647;
			files = (
				D4DFB781442B3DAF3137B38C /* Cocoa.framework in Frameworks */,
				6590A9CC140DCFBFA8AA5C51 /* libAINewsWidgetShared.a in Frameworks */,
			);
			runOnlyForDeploymentPostprocessing = 0;
		};
		BC1426EF5962E46FCEE77810 /* Frameworks */ = {
			isa = PBXFrameworksBuildPhase;
			buildActionMask = 2147483647;
			files = (
				22F078B8ABF295915407418A /* Cocoa.framework in Frameworks */,
				7367CF330989EF5A6B101179 /* libAINewsWidgetShared.a in Frameworks */,
			);
			runOnlyForDeploymentPostprocessing = 0;
		};
		EA65136443BF89CB080909F3 /* Frameworks */ = {
			isa = PBXFrameworksBuildPhase;
			buildActionMask = 2147483647;
			files = (
			);
			runOnlyForDeploymentPostprocessing = 0;
		};
/* End PBXFrameworksBuildPhase section */

/* Begin PBXGroup section */
		033F78C8B9E9BE17AE17E1B0 /* Support */ = {
			isa = PBXGroup;
			children = (
				0A0D55149B230081F4E5A7BE /* AINewsMacApp-Info.plist */,
				880ACA19229828EAEB1EA3E0 /* AINewsWidgets-Info.plist */,
				375F7FB5F30E8FFC16A8682F /* AINewsMacApp.entitlements */,
				52EF7EEF78B180A9DA0CF023 /* AINewsWidgets.entitlements */,
				FB6226BF4553C20C00C67C75 /* backend-launch.json */,
			);
			name = Support;
			path = Support;
			sourceTree = "<group>";
		};
		351DE8824C7F53E5E7BFF122 /* AINewsMacApp */ = {
			isa = PBXGroup;
			children = (
				49D19A17FBB0543B5215BBCB /* AINewsMacApp.swift */,
				268F782925AEBC06EB7330C5 /* BackendSupervisor.swift */,
				7162B9DA06A13CE647667D7D /* FloatingWidgetPanel.swift */,
				EFF596AC233A5BB413414846 /* RootView.swift */,
			);
			name = AINewsMacApp;
			path = AINewsMacApp;
			sourceTree = "<group>";
		};
		36FE9C4C219F4CA21410A6A6 /* Sources */ = {
			isa = PBXGroup;
			children = (
				F48C4E64BB2A4E72205F4B95 /* AINewsWidgetShared */,
				351DE8824C7F53E5E7BFF122 /* AINewsMacApp */,
				951826F94ACC12AE7D4E23E6 /* AINewsWidgets */,
				84E0A401F295060A052B0384 /* AINewsWidgetExtensionSupport */,
			);
			name = Sources;
			path = Sources;
			sourceTree = "<group>";
		};
		5DF0F21A6C4C68C5C47F4CCC /* Frameworks */ = {
			isa = PBXGroup;
			children = (
				90A7358D9EDA684A145F6B18 /* OS X */,
			);
			name = Frameworks;
			sourceTree = "<group>";
		};
		84E0A401F295060A052B0384 /* AINewsWidgetExtensionSupport */ = {
			isa = PBXGroup;
			children = (
				199BB5458300A5D5A215449E /* WidgetIntents.swift */,
				6FA9AB5FFF117131FA8CD695 /* WidgetSnapshotViews.swift */,
			);
			name = AINewsWidgetExtensionSupport;
			path = AINewsWidgetExtensionSupport;
			sourceTree = "<group>";
		};
		90A7358D9EDA684A145F6B18 /* OS X */ = {
			isa = PBXGroup;
			children = (
				BF2BDB873DE2AF9A19C212C9 /* Cocoa.framework */,
			);
			name = "OS X";
			sourceTree = "<group>";
		};
		951826F94ACC12AE7D4E23E6 /* AINewsWidgets */ = {
			isa = PBXGroup;
			children = (
				EB57B91F81666C74F7B4E6EE /* AINewsWidgets.swift */,
			);
			name = AINewsWidgets;
			path = AINewsWidgetExtension;
			sourceTree = "<group>";
		};
		B81E972854EED76965748D51 = {
			isa = PBXGroup;
			children = (
				BBD7ED4C0083BD0169E92C01 /* Products */,
				5DF0F21A6C4C68C5C47F4CCC /* Frameworks */,
				36FE9C4C219F4CA21410A6A6 /* Sources */,
				033F78C8B9E9BE17AE17E1B0 /* Support */,
			);
			sourceTree = "<group>";
		};
		BBD7ED4C0083BD0169E92C01 /* Products */ = {
			isa = PBXGroup;
			children = (
				21293BEA7597FC9EB765FC2F /* libAINewsWidgetShared.a */,
				D369368ACC54CA6372D962CF /* AINewsMacApp.app */,
				90803AC0F6EF0BAC7B4E109E /* AINewsWidgets.appex */,
			);
			name = Products;
			sourceTree = "<group>";
		};
		F48C4E64BB2A4E72205F4B95 /* AINewsWidgetShared */ = {
			isa = PBXGroup;
			children = (
				7C8AF80C8B49BC80F490F4AE /* APIClient.swift */,
				F382ED9D4B0DD3F9B672EA5C /* AppState.swift */,
				C990A18C759FE21DFC0A4F30 /* BackendDiscovery.swift */,
				C9107559406A445F7E83E7D7 /* Models.swift */,
				7D8665F8FA240D58F55D9871 /* SessionStore.swift */,
				1494D9672F6E03B13FBD9652 /* SnapshotStore.swift */,
				1CA515D6FF900F5EBF18494A /* Theme.swift */,
			);
			name = AINewsWidgetShared;
			path = AINewsWidgetShared;
			sourceTree = "<group>";
		};
/* End PBXGroup section */

/* Begin PBXHeadersBuildPhase section */
		B958F3B836943EE9EAD4F9DF /* Headers */ = {
			isa = PBXHeadersBuildPhase;
			buildActionMask = 2147483647;
			files = (
			);
			runOnlyForDeploymentPostprocessing = 0;
		};
/* End PBXHeadersBuildPhase section */

/* Begin PBXNativeTarget section */
		007981D1C4FE8755C67C7DA5 /* AINewsMacApp */ = {
			isa = PBXNativeTarget;
			buildConfigurationList = 5FD5DFE07AF6F3ED479480B6 /* Build configuration list for PBXNativeTarget "AINewsMacApp" */;
			buildPhases = (
				039934EBBE7F863C86D3D342 /* Sources */,
				BC1426EF5962E46FCEE77810 /* Frameworks */,
				57EA0716B2217BE1EE292A3E /* Resources */,
				E2123A9001C749772CD2F03B /* Embed App Extensions */,
			);
			buildRules = (
			);
			dependencies = (
				F21DADB02832ABAFE78E69F4 /* PBXTargetDependency */,
				CDEAD0872DC18C09F7B8A419 /* PBXTargetDependency */,
			);
			name = AINewsMacApp;
			productName = AINewsMacApp;
			productReference = D369368ACC54CA6372D962CF /* AINewsMacApp.app */;
			productType = "com.apple.product-type.application";
		};
		14A1D049C2B06B7D8FE12FF3 /* AINewsWidgetShared */ = {
			isa = PBXNativeTarget;
			buildConfigurationList = 570D360179202132864EDC12 /* Build configuration list for PBXNativeTarget "AINewsWidgetShared" */;
			buildPhases = (
				B958F3B836943EE9EAD4F9DF /* Headers */,
				96D2E302861D2184D326E85A /* Sources */,
				EA65136443BF89CB080909F3 /* Frameworks */,
			);
			buildRules = (
			);
			dependencies = (
			);
			name = AINewsWidgetShared;
			productName = AINewsWidgetShared;
			productReference = 21293BEA7597FC9EB765FC2F /* libAINewsWidgetShared.a */;
			productType = "com.apple.product-type.library.static";
		};
		1794C269B2D19D17F5CBAB5F /* AINewsWidgets */ = {
			isa = PBXNativeTarget;
			buildConfigurationList = FA3484D3506407D5DBC04C11 /* Build configuration list for PBXNativeTarget "AINewsWidgets" */;
			buildPhases = (
				207AD23981831E222C2CFF54 /* Sources */,
				0C28FFFEC066AAFB910A0A91 /* Frameworks */,
				B41F84C21673BC73B2305DFA /* Resources */,
			);
			buildRules = (
			);
			dependencies = (
				9803CB62B19CEB3068CB626D /* PBXTargetDependency */,
			);
			name = AINewsWidgets;
			productName = AINewsWidgets;
			productReference = 90803AC0F6EF0BAC7B4E109E /* AINewsWidgets.appex */;
			productType = "com.apple.product-type.app-extension";
		};
/* End PBXNativeTarget section */

/* Begin PBXProject section */
		17D9467CA4DF3BB12B60E610 /* Project object */ = {
			isa = PBXProject;
			attributes = {
				LastSwiftUpdateCheck = 1640;
				LastUpgradeCheck = 1640;
			};
			buildConfigurationList = 15CB179E237736F495CB7CD3 /* Build configuration list for PBXProject "AINewsMacWidget" */;
			compatibilityVersion = "Xcode 3.2";
			developmentRegion = en;
			hasScannedForEncodings = 0;
			knownRegions = (
				en,
				Base,
			);
			mainGroup = B81E972854EED76965748D51;
			minimizedProjectReferenceProxies = 0;
			preferredProjectObjectVersion = 77;
			productRefGroup = BBD7ED4C0083BD0169E92C01 /* Products */;
			projectDirPath = "";
			projectRoot = "";
			targets = (
				14A1D049C2B06B7D8FE12FF3 /* AINewsWidgetShared */,
				007981D1C4FE8755C67C7DA5 /* AINewsMacApp */,
				1794C269B2D19D17F5CBAB5F /* AINewsWidgets */,
			);
		};
/* End PBXProject section */

/* Begin PBXResourcesBuildPhase section */
		57EA0716B2217BE1EE292A3E /* Resources */ = {
			isa = PBXResourcesBuildPhase;
			buildActionMask = 2147483647;
			files = (
				05FC9EEA69A4A40AF4788C2C /* backend-launch.json in Resources */,
			);
			runOnlyForDeploymentPostprocessing = 0;
		};
		B41F84C21673BC73B2305DFA /* Resources */ = {
			isa = PBXResourcesBuildPhase;
			buildActionMask = 2147483647;
			files = (
			);
			runOnlyForDeploymentPostprocessing = 0;
		};
/* End PBXResourcesBuildPhase section */

/* Begin PBXSourcesBuildPhase section */
		039934EBBE7F863C86D3D342 /* Sources */ = {
			isa = PBXSourcesBuildPhase;
			buildActionMask = 2147483647;
			files = (
				8B343599FAF23C5ECD4FE11C /* AINewsMacApp.swift in Sources */,
				EC6FA7B9414617C83A1B5DB3 /* BackendSupervisor.swift in Sources */,
				14F902CF956BD84EEDA57A6A /* FloatingWidgetPanel.swift in Sources */,
				85492801E52EE94B3936B8D2 /* RootView.swift in Sources */,
			);
			runOnlyForDeploymentPostprocessing = 0;
		};
		207AD23981831E222C2CFF54 /* Sources */ = {
			isa = PBXSourcesBuildPhase;
			buildActionMask = 2147483647;
			files = (
				A80D0746C5CBF50D2FF93831 /* AINewsWidgets.swift in Sources */,
				B49BB0D9C2050B24017CFAFF /* WidgetIntents.swift in Sources */,
				2E9FE85BA3C5B8076DF357DA /* WidgetSnapshotViews.swift in Sources */,
			);
			runOnlyForDeploymentPostprocessing = 0;
		};
		96D2E302861D2184D326E85A /* Sources */ = {
			isa = PBXSourcesBuildPhase;
			buildActionMask = 2147483647;
			files = (
				1DCFF40AD83965E1F45319AF /* APIClient.swift in Sources */,
				940C1FA72C923F1B880E94A5 /* AppState.swift in Sources */,
				A7CDA4C39F288FFB5C517319 /* BackendDiscovery.swift in Sources */,
				B99C23DDEBFF641EE847B504 /* Models.swift in Sources */,
				3441D7A27A5F18C0679C6FFB /* SessionStore.swift in Sources */,
				574D4F3072934F7575B92836 /* SnapshotStore.swift in Sources */,
				9B940239DC3D43BD809894E1 /* Theme.swift in Sources */,
			);
			runOnlyForDeploymentPostprocessing = 0;
		};
/* End PBXSourcesBuildPhase section */

/* Begin PBXTargetDependency section */
		9803CB62B19CEB3068CB626D /* PBXTargetDependency */ = {
			isa = PBXTargetDependency;
			name = AINewsWidgetShared;
			target = 14A1D049C2B06B7D8FE12FF3 /* AINewsWidgetShared */;
			targetProxy = D881DA91B2F36CA1C17FE9C6 /* PBXContainerItemProxy */;
		};
		CDEAD0872DC18C09F7B8A419 /* PBXTargetDependency */ = {
			isa = PBXTargetDependency;
			name = AINewsWidgets;
			target = 1794C269B2D19D17F5CBAB5F /* AINewsWidgets */;
			targetProxy = 044DE013859A0925AFDF0291 /* PBXContainerItemProxy */;
		};
		F21DADB02832ABAFE78E69F4 /* PBXTargetDependency */ = {
			isa = PBXTargetDependency;
			name = AINewsWidgetShared;
			target = 14A1D049C2B06B7D8FE12FF3 /* AINewsWidgetShared */;
			targetProxy = CB4A979257E6AAACD05BCD81 /* PBXContainerItemProxy */;
		};
/* End PBXTargetDependency section */

/* Begin XCBuildConfiguration section */
		0D67751C6C23F2D72275960D /* Release */ = {
			isa = XCBuildConfiguration;
			buildSettings = {
				ASSETCATALOG_COMPILER_APPICON_NAME = "";
				ASSETCATALOG_COMPILER_GLOBAL_ACCENT_COLOR_NAME = AccentColor;
				CLANG_ENABLE_MODULES = YES;
				CODE_SIGNING_ALLOWED = NO;
				CODE_SIGN_ENTITLEMENTS = Support/AINewsMacApp.entitlements;
				COMBINE_HIDPI_IMAGES = YES;
				INFOPLIST_FILE = "Support/AINewsMacApp-Info.plist";
				LD_RUNPATH_SEARCH_PATHS = "$(inherited) @executable_path/../Frameworks @executable_path/../PlugIns";
				MACOSX_DEPLOYMENT_TARGET = 14.0;
				PRODUCT_BUNDLE_IDENTIFIER = com.donetianpetkov.ainewsmacwidget;
				PRODUCT_NAME = AINewsMacApp;
				SDKROOT = macosx;
				SKIP_INSTALL = NO;
				SWIFT_VERSION = 5.0;
			};
			name = Release;
		};
		1CCA9AF28A3853B8C3267096 /* Debug */ = {
			isa = XCBuildConfiguration;
			buildSettings = {
				CLANG_ENABLE_MODULES = YES;
				CODE_SIGNING_ALLOWED = NO;
				DEFINES_MODULE = YES;
				EXECUTABLE_PREFIX = lib;
				MACOSX_DEPLOYMENT_TARGET = 14.0;
				PRODUCT_MODULE_NAME = AINewsWidgetShared;
				PRODUCT_NAME = AINewsWidgetShared;
				SDKROOT = macosx;
				SKIP_INSTALL = YES;
				SWIFT_VERSION = 5.0;
			};
			name = Debug;
		};
		2EA7CFB6E497A27BC130E0FE /* Release */ = {
			isa = XCBuildConfiguration;
			buildSettings = {
				APPLICATION_EXTENSION_API_ONLY = YES;
				CLANG_ENABLE_MODULES = YES;
				CODE_SIGNING_ALLOWED = NO;
				CODE_SIGN_ENTITLEMENTS = Support/AINewsWidgets.entitlements;
				INFOPLIST_FILE = "Support/AINewsWidgets-Info.plist";
				MACOSX_DEPLOYMENT_TARGET = 14.0;
				PRODUCT_BUNDLE_IDENTIFIER = com.donetianpetkov.ainewsmacwidget.widgets;
				PRODUCT_NAME = AINewsWidgets;
				SDKROOT = macosx;
				SKIP_INSTALL = YES;
				SWIFT_VERSION = 5.0;
			};
			name = Release;
		};
		5D32B5238518BD9917AB0576 /* Debug */ = {
			isa = XCBuildConfiguration;
			buildSettings = {
				ASSETCATALOG_COMPILER_APPICON_NAME = "";
				ASSETCATALOG_COMPILER_GLOBAL_ACCENT_COLOR_NAME = AccentColor;
				CLANG_ENABLE_MODULES = YES;
				CODE_SIGNING_ALLOWED = NO;
				CODE_SIGN_ENTITLEMENTS = Support/AINewsMacApp.entitlements;
				COMBINE_HIDPI_IMAGES = YES;
				INFOPLIST_FILE = "Support/AINewsMacApp-Info.plist";
				LD_RUNPATH_SEARCH_PATHS = "$(inherited) @executable_path/../Frameworks @executable_path/../PlugIns";
				MACOSX_DEPLOYMENT_TARGET = 14.0;
				PRODUCT_BUNDLE_IDENTIFIER = com.donetianpetkov.ainewsmacwidget;
				PRODUCT_NAME = AINewsMacApp;
				SDKROOT = macosx;
				SKIP_INSTALL = NO;
				SWIFT_VERSION = 5.0;
			};
			name = Debug;
		};
		643FD18568ABD8841C5F9E0A /* Debug */ = {
			isa = XCBuildConfiguration;
			buildSettings = {
				ALWAYS_SEARCH_USER_PATHS = NO;
				CLANG_ANALYZER_NONNULL = YES;
				CLANG_ANALYZER_NUMBER_OBJECT_CONVERSION = YES_AGGRESSIVE;
				CLANG_CXX_LANGUAGE_STANDARD = "gnu++14";
				CLANG_CXX_LIBRARY = "libc++";
				CLANG_ENABLE_MODULES = YES;
				CLANG_ENABLE_OBJC_ARC = YES;
				CLANG_ENABLE_OBJC_WEAK = YES;
				CLANG_WARN_BLOCK_CAPTURE_AUTORELEASING = YES;
				CLANG_WARN_BOOL_CONVERSION = YES;
				CLANG_WARN_COMMA = YES;
				CLANG_WARN_CONSTANT_CONVERSION = YES;
				CLANG_WARN_DEPRECATED_OBJC_IMPLEMENTATIONS = YES;
				CLANG_WARN_DIRECT_OBJC_ISA_USAGE = YES_ERROR;
				CLANG_WARN_DOCUMENTATION_COMMENTS = YES;
				CLANG_WARN_EMPTY_BODY = YES;
				CLANG_WARN_ENUM_CONVERSION = YES;
				CLANG_WARN_INFINITE_RECURSION = YES;
				CLANG_WARN_INT_CONVERSION = YES;
				CLANG_WARN_NON_LITERAL_NULL_CONVERSION = YES;
				CLANG_WARN_OBJC_IMPLICIT_RETAIN_SELF = YES;
				CLANG_WARN_OBJC_LITERAL_CONVERSION = YES;
				CLANG_WARN_OBJC_ROOT_CLASS = YES_ERROR;
				CLANG_WARN_QUOTED_INCLUDE_IN_FRAMEWORK_HEADER = YES;
				CLANG_WARN_RANGE_LOOP_ANALYSIS = YES;
				CLANG_WARN_STRICT_PROTOTYPES = YES;
				CLANG_WARN_SUSPICIOUS_MOVE = YES;
				CLANG_WARN_UNGUARDED_AVAILABILITY = YES_AGGRESSIVE;
				CLANG_WARN_UNREACHABLE_CODE = YES;
				CLANG_WARN__DUPLICATE_METHOD_MATCH = YES;
				COPY_PHASE_STRIP = NO;
				DEBUG_INFORMATION_FORMAT = dwarf;
				ENABLE_STRICT_OBJC_MSGSEND = YES;
				ENABLE_TESTABILITY = YES;
				GCC_C_LANGUAGE_STANDARD = gnu11;
				GCC_DYNAMIC_NO_PIC = NO;
				GCC_NO_COMMON_BLOCKS = YES;
				GCC_OPTIMIZATION_LEVEL = 0;
				GCC_PREPROCESSOR_DEFINITIONS = (
					"DEBUG=1",
					"$(inherited)",
				);
				GCC_WARN_64_TO_32_BIT_CONVERSION = YES;
				GCC_WARN_ABOUT_RETURN_TYPE = YES_ERROR;
				GCC_WARN_UNDECLARED_SELECTOR = YES;
				GCC_WARN_UNINITIALIZED_AUTOS = YES_AGGRESSIVE;
				GCC_WARN_UNUSED_FUNCTION = YES;
				GCC_WARN_UNUSED_VARIABLE = YES;
				MTL_ENABLE_DEBUG_INFO = INCLUDE_SOURCE;
				MTL_FAST_MATH = YES;
				ONLY_ACTIVE_ARCH = YES;
				PRODUCT_NAME = "$(TARGET_NAME)";
				SWIFT_ACTIVE_COMPILATION_CONDITIONS = DEBUG;
				SWIFT_OPTIMIZATION_LEVEL = "-Onone";
				SWIFT_VERSION = 5.0;
			};
			name = Debug;
		};
		AE2DCD9E73092CA759D27145 /* Release */ = {
			isa = XCBuildConfiguration;
			buildSettings = {
				ALWAYS_SEARCH_USER_PATHS = NO;
				CLANG_ANALYZER_NONNULL = YES;
				CLANG_ANALYZER_NUMBER_OBJECT_CONVERSION = YES_AGGRESSIVE;
				CLANG_CXX_LANGUAGE_STANDARD = "gnu++14";
				CLANG_CXX_LIBRARY = "libc++";
				CLANG_ENABLE_MODULES = YES;
				CLANG_ENABLE_OBJC_ARC = YES;
				CLANG_ENABLE_OBJC_WEAK = YES;
				CLANG_WARN_BLOCK_CAPTURE_AUTORELEASING = YES;
				CLANG_WARN_BOOL_CONVERSION = YES;
				CLANG_WARN_COMMA = YES;
				CLANG_WARN_CONSTANT_CONVERSION = YES;
				CLANG_WARN_DEPRECATED_OBJC_IMPLEMENTATIONS = YES;
				CLANG_WARN_DIRECT_OBJC_ISA_USAGE = YES_ERROR;
				CLANG_WARN_DOCUMENTATION_COMMENTS = YES;
				CLANG_WARN_EMPTY_BODY = YES;
				CLANG_WARN_ENUM_CONVERSION = YES;
				CLANG_WARN_INFINITE_RECURSION = YES;
				CLANG_WARN_INT_CONVERSION = YES;
				CLANG_WARN_NON_LITERAL_NULL_CONVERSION = YES;
				CLANG_WARN_OBJC_IMPLICIT_RETAIN_SELF = YES;
				CLANG_WARN_OBJC_LITERAL_CONVERSION = YES;
				CLANG_WARN_OBJC_ROOT_CLASS = YES_ERROR;
				CLANG_WARN_QUOTED_INCLUDE_IN_FRAMEWORK_HEADER = YES;
				CLANG_WARN_RANGE_LOOP_ANALYSIS = YES;
				CLANG_WARN_STRICT_PROTOTYPES = YES;
				CLANG_WARN_SUSPICIOUS_MOVE = YES;
				CLANG_WARN_UNGUARDED_AVAILABILITY = YES_AGGRESSIVE;
				CLANG_WARN_UNREACHABLE_CODE = YES;
				CLANG_WARN__DUPLICATE_METHOD_MATCH = YES;
				COPY_PHASE_STRIP = NO;
				DEBUG_INFORMATION_FORMAT = "dwarf-with-dsym";
				ENABLE_NS_ASSERTIONS = NO;
				ENABLE_STRICT_OBJC_MSGSEND = YES;
				GCC_C_LANGUAGE_STANDARD = gnu11;
				GCC_NO_COMMON_BLOCKS = YES;
				GCC_WARN_64_TO_32_BIT_CONVERSION = YES;
				GCC_WARN_ABOUT_RETURN_TYPE = YES_ERROR;
				GCC_WARN_UNDECLARED_SELECTOR = YES;
				GCC_WARN_UNINITIALIZED_AUTOS = YES_AGGRESSIVE;
				GCC_WARN_UNUSED_FUNCTION = YES;
				GCC_WARN_UNUSED_VARIABLE = YES;
				MTL_ENABLE_DEBUG_INFO = NO;
				MTL_FAST_MATH = YES;
				PRODUCT_NAME = "$(TARGET_NAME)";
				SWIFT_COMPILATION_MODE = wholemodule;
				SWIFT_OPTIMIZATION_LEVEL = "-O";
				SWIFT_VERSION = 5.0;
			};
			name = Release;
		};
		EA10F1EA9BE9D4F4ED12C3B9 /* Debug */ = {
			isa = XCBuildConfiguration;
			buildSettings = {
				APPLICATION_EXTENSION_API_ONLY = YES;
				CLANG_ENABLE_MODULES = YES;
				CODE_SIGNING_ALLOWED = NO;
				CODE_SIGN_ENTITLEMENTS = Support/AINewsWidgets.entitlements;
				INFOPLIST_FILE = "Support/AINewsWidgets-Info.plist";
				MACOSX_DEPLOYMENT_TARGET = 14.0;
				PRODUCT_BUNDLE_IDENTIFIER = com.donetianpetkov.ainewsmacwidget.widgets;
				PRODUCT_NAME = AINewsWidgets;
				SDKROOT = macosx;
				SKIP_INSTALL = YES;
				SWIFT_VERSION = 5.0;
			};
			name = Debug;
		};
		F34E81508D6A3B438480AF0C /* Release */ = {
			isa = XCBuildConfiguration;
			buildSettings = {
				CLANG_ENABLE_MODULES = YES;
				CODE_SIGNING_ALLOWED = NO;
				DEFINES_MODULE = YES;
				EXECUTABLE_PREFIX = lib;
				MACOSX_DEPLOYMENT_TARGET = 14.0;
				PRODUCT_MODULE_NAME = AINewsWidgetShared;
				PRODUCT_NAME = AINewsWidgetShared;
				SDKROOT = macosx;
				SKIP_INSTALL = YES;
				SWIFT_VERSION = 5.0;
			};
			name = Release;
		};
/* End XCBuildConfiguration section */

/* Begin XCConfigurationList section */
		15CB179E237736F495CB7CD3 /* Build configuration list for PBXProject "AINewsMacWidget" */ = {
			isa = XCConfigurationList;
			buildConfigurations = (
				643FD18568ABD8841C5F9E0A /* Debug */,
				AE2DCD9E73092CA759D27145 /* Release */,
			);
			defaultConfigurationIsVisible = 0;
			defaultConfigurationName = Release;
		};
		570D360179202132864EDC12 /* Build configuration list for PBXNativeTarget "AINewsWidgetShared" */ = {
			isa = XCConfigurationList;
			buildConfigurations = (
				F34E81508D6A3B438480AF0C /* Release */,
				1CCA9AF28A3853B8C3267096 /* Debug */,
			);
			defaultConfigurationIsVisible = 0;
			defaultConfigurationName = Release;
		};
		5FD5DFE07AF6F3ED479480B6 /* Build configuration list for PBXNativeTarget "AINewsMacApp" */ = {
			isa = XCConfigurationList;
			buildConfigurations = (
				0D67751C6C23F2D72275960D /* Release */,
				5D32B5238518BD9917AB0576 /* Debug */,
			);
			defaultConfigurationIsVisible = 0;
			defaultConfigurationName = Release;
		};
		FA3484D3506407D5DBC04C11 /* Build configuration list for PBXNativeTarget "AINewsWidgets" */ = {
			isa = XCConfigurationList;
			buildConfigurations = (
				2EA7CFB6E497A27BC130E0FE /* Release */,
				EA10F1EA9BE9D4F4ED12C3B9 /* Debug */,
			);
			defaultConfigurationIsVisible = 0;
			defaultConfigurationName = Release;
		};
/* End XCConfigurationList section */
	};
	rootObject = 17D9467CA4DF3BB12B60E610 /* Project object */;
}
