// !$*UTF8*$!
{
	archiveVersion = 1;
	classes = {
	};
	objectVersion = 46;
	objects = {

/* Begin PBXBuildFile section */
		02A3E1A2DFCC22522A7C698E /* libAINewsWidgetShared.a in Frameworks */ = {isa = PBXBuildFile; fileRef = 51CEDBE427323A8237161440 /* libAINewsWidgetShared.a */; };
		0A695F2D27CF1A9E54EEEE20 /* AINewsMacApp.swift in Sources */ = {isa = PBXBuildFile; fileRef = 5784305F7CA6F29E2E66A9A4 /* AINewsMacApp.swift */; };
		1C3E10D18B66BE08B68DD55A /* WidgetIntents.swift in Sources */ = {isa = PBXBuildFile; fileRef = 8B21638243988D32ACDC8818 /* WidgetIntents.swift */; };
		21EE4F496696D2BD13C91665 /* WidgetSnapshotViews.swift in Sources */ = {isa = PBXBuildFile; fileRef = D04D80918390C3E200527B77 /* WidgetSnapshotViews.swift */; };
		320216CE06BB9CB04832CD33 /* APIClient.swift in Sources */ = {isa = PBXBuildFile; fileRef = 4C7FA19E137B2F9BBFCCD5F2 /* APIClient.swift */; };
		33D354C81889AE1727E253C2 /* FloatingWidgetPanel.swift in Sources */ = {isa = PBXBuildFile; fileRef = DDAB08DD231B9179C889F63C /* FloatingWidgetPanel.swift */; };
		368749255612DB7D5003D08C /* Cocoa.framework in Frameworks */ = {isa = PBXBuildFile; fileRef = 7EA4590E0262C3B21E86BFE6 /* Cocoa.framework */; };
		38E737BBD557CBA7A9F9D958 /* BackendDiscovery.swift in Sources */ = {isa = PBXBuildFile; fileRef = A8EEF32760D5BA0884718F42 /* BackendDiscovery.swift */; };
		3C84CF7C26B0DEA73240E137 /* BackendSupervisor.swift in Sources */ = {isa = PBXBuildFile; fileRef = AB9F6F4D0200F752AF65669B /* BackendSupervisor.swift */; };
		42B3CEBB8B9E06A2078B34F1 /* libAINewsWidgetShared.a in Frameworks */ = {isa = PBXBuildFile; fileRef = 51CEDBE427323A8237161440 /* libAINewsWidgetShared.a */; };
		677E523833E219FFF6F54EE0 /* Models.swift in Sources */ = {isa = PBXBuildFile; fileRef = 0572F6D20F00F402D34107C9 /* Models.swift */; };
		67987731D31BA5937BBA052B /* SnapshotStore.swift in Sources */ = {isa = PBXBuildFile; fileRef = 9A4A2543EDBAA7FD10857CB4 /* SnapshotStore.swift */; };
		7B7580D1F0F6D387773E7146 /* RootView.swift in Sources */ = {isa = PBXBuildFile; fileRef = 19DA54D95A05A272F79D11B8 /* RootView.swift */; };
		8642FE8F6CB6BA456D3FAB1D /* backend-launch.json in Resources */ = {isa = PBXBuildFile; fileRef = B20DA3E83B8B88BAF0BF9398 /* backend-launch.json */; };
		89D0732454A9A1D78AB90155 /* Theme.swift in Sources */ = {isa = PBXBuildFile; fileRef = D42CD4ACBC4A45A1BBE4ED07 /* Theme.swift */; };
		9CA0BE6A3F52E08D4490A10A /* AINewsWidgets.appex in Embed App Extensions */ = {isa = PBXBuildFile; fileRef = 8C5F411877F580B30DB82E7C /* AINewsWidgets.appex */; };
		A5B19BEF33D564FCCE15168E /* AINewsWidgets.swift in Sources */ = {isa = PBXBuildFile; fileRef = 1603BE6D743E86A288AD41F1 /* AINewsWidgets.swift */; };
		D950F53EB7ADB9EA9A13BCD8 /* Cocoa.framework in Frameworks */ = {isa = PBXBuildFile; fileRef = 7EA4590E0262C3B21E86BFE6 /* Cocoa.framework */; };
		EF213F3FCF78D10C5A422733 /* AppState.swift in Sources */ = {isa = PBXBuildFile; fileRef = 109672A6C510EBDBBD039C77 /* AppState.swift */; };
		FA78AC7973DD019BEA16125E /* SessionStore.swift in Sources */ = {isa = PBXBuildFile; fileRef = C4D0E6AFE65CA12C9345E015 /* SessionStore.swift */; };
/* End PBXBuildFile section */

/* Begin PBXContainerItemProxy section */
		23B1F8AEF2EF335F2A99B0F5 /* PBXContainerItemProxy */ = {
			isa = PBXContainerItemProxy;
			containerPortal = 0D8A676D06C610A24B8229A2 /* Project object */;
			proxyType = 1;
			remoteGlobalIDString = 681BFD6B7354D615615FD12F;
			remoteInfo = AINewsWidgetShared;
		};
		D6086AAF21FCF9F7405DCCB9 /* PBXContainerItemProxy */ = {
			isa = PBXContainerItemProxy;
			containerPortal = 0D8A676D06C610A24B8229A2 /* Project object */;
			proxyType = 1;
			remoteGlobalIDString = 681BFD6B7354D615615FD12F;
			remoteInfo = AINewsWidgetShared;
		};
		F017AAF335786CEB66D17791 /* PBXContainerItemProxy */ = {
			isa = PBXContainerItemProxy;
			containerPortal = 0D8A676D06C610A24B8229A2 /* Project object */;
			proxyType = 1;
			remoteGlobalIDString = 7283092CC9D76B2AF1249F29;
			remoteInfo = AINewsWidgets;
		};
/* End PBXContainerItemProxy section */

/* Begin PBXCopyFilesBuildPhase section */
		34A73B3BC3C318B79FA65C30 /* Embed App Extensions */ = {
			isa = PBXCopyFilesBuildPhase;
			buildActionMask = 2147483647;
			dstPath = "";
			dstSubfolderSpec = 13;
			files = (
				9CA0BE6A3F52E08D4490A10A /* AINewsWidgets.appex in Embed App Extensions */,
			);
			name = "Embed App Extensions";
			runOnlyForDeploymentPostprocessing = 0;
		};
/* End PBXCopyFilesBuildPhase section */

/* Begin PBXFileReference section */
		0572F6D20F00F402D34107C9 /* Models.swift */ = {isa = PBXFileReference; includeInIndex = 1; lastKnownFileType = sourcecode.swift; path = Models.swift; sourceTree = "<group>"; };
		09A0D0B11AAEC2335E6BFC28 /* AINewsWidgets-Info.plist */ = {isa = PBXFileReference; includeInIndex = 1; lastKnownFileType = text.plist.xml; path = "AINewsWidgets-Info.plist"; sourceTree = "<group>"; };
		109672A6C510EBDBBD039C77 /* AppState.swift */ = {isa = PBXFileReference; includeInIndex = 1; lastKnownFileType = sourcecode.swift; path = AppState.swift; sourceTree = "<group>"; };
		1603BE6D743E86A288AD41F1 /* AINewsWidgets.swift */ = {isa = PBXFileReference; includeInIndex = 1; lastKnownFileType = sourcecode.swift; path = AINewsWidgets.swift; sourceTree = "<group>"; };
		19DA54D95A05A272F79D11B8 /* RootView.swift */ = {isa = PBXFileReference; includeInIndex = 1; lastKnownFileType = sourcecode.swift; path = RootView.swift; sourceTree = "<group>"; };
		1D58AF113CF22BB3FA5A94BB /* AINewsMacApp.entitlements */ = {isa = PBXFileReference; includeInIndex = 1; lastKnownFileType = text.plist.entitlements; path = AINewsMacApp.entitlements; sourceTree = "<group>"; };
		4C7FA19E137B2F9BBFCCD5F2 /* APIClient.swift */ = {isa = PBXFileReference; includeInIndex = 1; lastKnownFileType = sourcecode.swift; path = APIClient.swift; sourceTree = "<group>"; };
		51CEDBE427323A8237161440 /* libAINewsWidgetShared.a */ = {isa = PBXFileReference; explicitFileType = archive.ar; includeInIndex = 1; path = libAINewsWidgetShared.a; sourceTree = BUILT_PRODUCTS_DIR; };
		5784305F7CA6F29E2E66A9A4 /* AINewsMacApp.swift */ = {isa = PBXFileReference; includeInIndex = 1; lastKnownFileType = sourcecode.swift; path = AINewsMacApp.swift; sourceTree = "<group>"; };
		58ED4165088B6D9FF4E5436F /* AINewsMacApp.app */ = {isa = PBXFileReference; explicitFileType = wrapper.application; includeInIndex = 1; path = AINewsMacApp.app; sourceTree = BUILT_PRODUCTS_DIR; };
		6912F9E0287456F3AED48DBE /* AINewsWidgets.entitlements */ = {isa = PBXFileReference; includeInIndex = 1; lastKnownFileType = text.plist.entitlements; path = AINewsWidgets.entitlements; sourceTree = "<group>"; };
		6C9B35BE4524A5E39A96930D /* AINewsMacApp-Info.plist */ = {isa = PBXFileReference; includeInIndex = 1; lastKnownFileType = text.plist.xml; path = "AINewsMacApp-Info.plist"; sourceTree = "<group>"; };
		7EA4590E0262C3B21E86BFE6 /* Cocoa.framework */ = {isa = PBXFileReference; lastKnownFileType = wrapper.framework; name = Cocoa.framework; path = Platforms/MacOSX.platform/Developer/SDKs/MacOSX15.0.sdk/System/Library/Frameworks/Cocoa.framework; sourceTree = DEVELOPER_DIR; };
		8B21638243988D32ACDC8818 /* WidgetIntents.swift */ = {isa = PBXFileReference; includeInIndex = 1; lastKnownFileType = sourcecode.swift; path = WidgetIntents.swift; sourceTree = "<group>"; };
		8C5F411877F580B30DB82E7C /* AINewsWidgets.appex */ = {isa = PBXFileReference; explicitFileType = "wrapper.app-extension"; includeInIndex = 1; path = AINewsWidgets.appex; sourceTree = BUILT_PRODUCTS_DIR; };
		9A4A2543EDBAA7FD10857CB4 /* SnapshotStore.swift */ = {isa = PBXFileReference; includeInIndex = 1; lastKnownFileType = sourcecode.swift; path = SnapshotStore.swift; sourceTree = "<group>"; };
		A8EEF32760D5BA0884718F42 /* BackendDiscovery.swift */ = {isa = PBXFileReference; includeInIndex = 1; lastKnownFileType = sourcecode.swift; path = BackendDiscovery.swift; sourceTree = "<group>"; };
		AB9F6F4D0200F752AF65669B /* BackendSupervisor.swift */ = {isa = PBXFileReference; includeInIndex = 1; lastKnownFileType = sourcecode.swift; path = BackendSupervisor.swift; sourceTree = "<group>"; };
		B20DA3E83B8B88BAF0BF9398 /* backend-launch.json */ = {isa = PBXFileReference; includeInIndex = 1; path = "backend-launch.json"; sourceTree = "<group>"; };
		C4D0E6AFE65CA12C9345E015 /* SessionStore.swift */ = {isa = PBXFileReference; includeInIndex = 1; lastKnownFileType = sourcecode.swift; path = SessionStore.swift; sourceTree = "<group>"; };
		D04D80918390C3E200527B77 /* WidgetSnapshotViews.swift */ = {isa = PBXFileReference; includeInIndex = 1; lastKnownFileType = sourcecode.swift; path = WidgetSnapshotViews.swift; sourceTree = "<group>"; };
		D42CD4ACBC4A45A1BBE4ED07 /* Theme.swift */ = {isa = PBXFileReference; includeInIndex = 1; lastKnownFileType = sourcecode.swift; path = Theme.swift; sourceTree = "<group>"; };
		DDAB08DD231B9179C889F63C /* FloatingWidgetPanel.swift */ = {isa = PBXFileReference; includeInIndex = 1; lastKnownFileType = sourcecode.swift; path = FloatingWidgetPanel.swift; sourceTree = "<group>"; };
/* End PBXFileReference section */

/* Begin PBXFrameworksBuildPhase section */
		53193B17A53033E3ED09A725 /* Frameworks */ = {
			isa = PBXFrameworksBuildPhase;
			buildActionMask = 2147483647;
			files = (
				D950F53EB7ADB9EA9A13BCD8 /* Cocoa.framework in Frameworks */,
				02A3E1A2DFCC22522A7C698E /* libAINewsWidgetShared.a in Frameworks */,
			);
			runOnlyForDeploymentPostprocessing = 0;
		};
		A21DF94D8DB59E2CA82396E7 /* Frameworks */ = {
			isa = PBXFrameworksBuildPhase;
			buildActionMask = 2147483647;
			files = (
				368749255612DB7D5003D08C /* Cocoa.framework in Frameworks */,
				42B3CEBB8B9E06A2078B34F1 /* libAINewsWidgetShared.a in Frameworks */,
			);
			runOnlyForDeploymentPostprocessing = 0;
		};
		E56C26F18233587334CED61C /* Frameworks */ = {
			isa = PBXFrameworksBuildPhase;
			buildActionMask = 2147483647;
			files = (
			);
			runOnlyForDeploymentPostprocessing = 0;
		};
/* End PBXFrameworksBuildPhase section */

/* Begin PBXGroup section */
		0CE0CF609C905D4A582C6182 /* AINewsWidgetShared */ = {
			isa = PBXGroup;
			children = (
				4C7FA19E137B2F9BBFCCD5F2 /* APIClient.swift */,
				109672A6C510EBDBBD039C77 /* AppState.swift */,
				A8EEF32760D5BA0884718F42 /* BackendDiscovery.swift */,
				0572F6D20F00F402D34107C9 /* Models.swift */,
				C4D0E6AFE65CA12C9345E015 /* SessionStore.swift */,
				9A4A2543EDBAA7FD10857CB4 /* SnapshotStore.swift */,
				D42CD4ACBC4A45A1BBE4ED07 /* Theme.swift */,
			);
			name = AINewsWidgetShared;
			path = AINewsWidgetShared;
			sourceTree = "<group>";
		};
		444E9C43F66841F04AC8E296 /* OS X */ = {
			isa = PBXGroup;
			children = (
				7EA4590E0262C3B21E86BFE6 /* Cocoa.framework */,
			);
			name = "OS X";
			sourceTree = "<group>";
		};
		5935487EDE06EAD3EF5299B7 /* Support */ = {
			isa = PBXGroup;
			children = (
				6C9B35BE4524A5E39A96930D /* AINewsMacApp-Info.plist */,
				09A0D0B11AAEC2335E6BFC28 /* AINewsWidgets-Info.plist */,
				1D58AF113CF22BB3FA5A94BB /* AINewsMacApp.entitlements */,
				6912F9E0287456F3AED48DBE /* AINewsWidgets.entitlements */,
				B20DA3E83B8B88BAF0BF9398 /* backend-launch.json */,
			);
			name = Support;
			path = Support;
			sourceTree = "<group>";
		};
		68DF7E160C54A52246685EEC /* AINewsWidgetExtensionSupport */ = {
			isa = PBXGroup;
			children = (
				8B21638243988D32ACDC8818 /* WidgetIntents.swift */,
				D04D80918390C3E200527B77 /* WidgetSnapshotViews.swift */,
			);
			name = AINewsWidgetExtensionSupport;
			path = AINewsWidgetExtensionSupport;
			sourceTree = "<group>";
		};
		7E3D47A0FDF7CB6027462578 /* AINewsMacApp */ = {
			isa = PBXGroup;
			children = (
				5784305F7CA6F29E2E66A9A4 /* AINewsMacApp.swift */,
				AB9F6F4D0200F752AF65669B /* BackendSupervisor.swift */,
				DDAB08DD231B9179C889F63C /* FloatingWidgetPanel.swift */,
				19DA54D95A05A272F79D11B8 /* RootView.swift */,
			);
			name = AINewsMacApp;
			path = AINewsMacApp;
			sourceTree = "<group>";
		};
		89D7DEA0F90ECFCE42739CDA /* Frameworks */ = {
			isa = PBXGroup;
			children = (
				444E9C43F66841F04AC8E296 /* OS X */,
			);
			name = Frameworks;
			sourceTree = "<group>";
		};
		A5DDF867A207EB7B57B439D6 /* Products */ = {
			isa = PBXGroup;
			children = (
				51CEDBE427323A8237161440 /* libAINewsWidgetShared.a */,
				58ED4165088B6D9FF4E5436F /* AINewsMacApp.app */,
				8C5F411877F580B30DB82E7C /* AINewsWidgets.appex */,
			);
			name = Products;
			sourceTree = "<group>";
		};
		C8B47347E154A93043599E3A /* Sources */ = {
			isa = PBXGroup;
			children = (
				0CE0CF609C905D4A582C6182 /* AINewsWidgetShared */,
				7E3D47A0FDF7CB6027462578 /* AINewsMacApp */,
				D3514B940E46BFDD72C42F66 /* AINewsWidgets */,
				68DF7E160C54A52246685EEC /* AINewsWidgetExtensionSupport */,
			);
			name = Sources;
			path = Sources;
			sourceTree = "<group>";
		};
		D3514B940E46BFDD72C42F66 /* AINewsWidgets */ = {
			isa = PBXGroup;
			children = (
				1603BE6D743E86A288AD41F1 /* AINewsWidgets.swift */,
			);
			name = AINewsWidgets;
			path = AINewsWidgetExtension;
			sourceTree = "<group>";
		};
		D7A45F3DE7C6103A92061B3B = {
			isa = PBXGroup;
			children = (
				A5DDF867A207EB7B57B439D6 /* Products */,
				89D7DEA0F90ECFCE42739CDA /* Frameworks */,
				C8B47347E154A93043599E3A /* Sources */,
				5935487EDE06EAD3EF5299B7 /* Support */,
			);
			sourceTree = "<group>";
		};
/* End PBXGroup section */

/* Begin PBXHeadersBuildPhase section */
		517D92824BAB0E15CB83D9E4 /* Headers */ = {
			isa = PBXHeadersBuildPhase;
			buildActionMask = 2147483647;
			files = (
			);
			runOnlyForDeploymentPostprocessing = 0;
		};
/* End PBXHeadersBuildPhase section */

/* Begin PBXNativeTarget section */
		395D298D46E88BCCB97B2DC5 /* AINewsMacApp */ = {
			isa = PBXNativeTarget;
			buildConfigurationList = 76BCD5F5A7ACE0AE9FBAF89F /* Build configuration list for PBXNativeTarget "AINewsMacApp" */;
			buildPhases = (
				E5F0F9DFEC811E9628C2B4F1 /* Sources */,
				A21DF94D8DB59E2CA82396E7 /* Frameworks */,
				9B0EE2CED5733F5009EFC873 /* Resources */,
				34A73B3BC3C318B79FA65C30 /* Embed App Extensions */,
			);
			buildRules = (
			);
			dependencies = (
				3BA1BCBA49CFDB9A57F0ACD0 /* PBXTargetDependency */,
				69C50E7D65686D687BFA241C /* PBXTargetDependency */,
			);
			name = AINewsMacApp;
			productName = AINewsMacApp;
			productReference = 58ED4165088B6D9FF4E5436F /* AINewsMacApp.app */;
			productType = "com.apple.product-type.application";
		};
		681BFD6B7354D615615FD12F /* AINewsWidgetShared */ = {
			isa = PBXNativeTarget;
			buildConfigurationList = F74ED6ED54ACCE344EFC996A /* Build configuration list for PBXNativeTarget "AINewsWidgetShared" */;
			buildPhases = (
				517D92824BAB0E15CB83D9E4 /* Headers */,
				C4F7895C78BB657F3E74D505 /* Sources */,
				E56C26F18233587334CED61C /* Frameworks */,
			);
			buildRules = (
			);
			dependencies = (
			);
			name = AINewsWidgetShared;
			productName = AINewsWidgetShared;
			productReference = 51CEDBE427323A8237161440 /* libAINewsWidgetShared.a */;
			productType = "com.apple.product-type.library.static";
		};
		7283092CC9D76B2AF1249F29 /* AINewsWidgets */ = {
			isa = PBXNativeTarget;
			buildConfigurationList = EEBBABCD788F5C07C78E432F /* Build configuration list for PBXNativeTarget "AINewsWidgets" */;
			buildPhases = (
				54F09C32D38F2AC3936CC64B /* Sources */,
				53193B17A53033E3ED09A725 /* Frameworks */,
				9995E60507C262562D4293EF /* Resources */,
			);
			buildRules = (
			);
			dependencies = (
				1FEE99BB1810669B1EBAAB90 /* PBXTargetDependency */,
			);
			name = AINewsWidgets;
			productName = AINewsWidgets;
			productReference = 8C5F411877F580B30DB82E7C /* AINewsWidgets.appex */;
			productType = "com.apple.product-type.app-extension";
		};
/* End PBXNativeTarget section */

/* Begin PBXProject section */
		0D8A676D06C610A24B8229A2 /* Project object */ = {
			isa = PBXProject;
			attributes = {
				LastSwiftUpdateCheck = 1640;
				LastUpgradeCheck = 1640;
			};
			buildConfigurationList = 3555B27F974533355FACEB41 /* Build configuration list for PBXProject "AINewsMacWidget" */;
			compatibilityVersion = "Xcode 3.2";
			developmentRegion = en;
			hasScannedForEncodings = 0;
			knownRegions = (
				en,
				Base,
			);
			mainGroup = D7A45F3DE7C6103A92061B3B;
			minimizedProjectReferenceProxies = 0;
			preferredProjectObjectVersion = 77;
			productRefGroup = A5DDF867A207EB7B57B439D6 /* Products */;
			projectDirPath = "";
			projectRoot = "";
			targets = (
				681BFD6B7354D615615FD12F /* AINewsWidgetShared */,
				395D298D46E88BCCB97B2DC5 /* AINewsMacApp */,
				7283092CC9D76B2AF1249F29 /* AINewsWidgets */,
			);
		};
/* End PBXProject section */

/* Begin PBXResourcesBuildPhase section */
		9995E60507C262562D4293EF /* Resources */ = {
			isa = PBXResourcesBuildPhase;
			buildActionMask = 2147483647;
			files = (
			);
			runOnlyForDeploymentPostprocessing = 0;
		};
		9B0EE2CED5733F5009EFC873 /* Resources */ = {
			isa = PBXResourcesBuildPhase;
			buildActionMask = 2147483647;
			files = (
				8642FE8F6CB6BA456D3FAB1D /* backend-launch.json in Resources */,
			);
			runOnlyForDeploymentPostprocessing = 0;
		};
/* End PBXResourcesBuildPhase section */

/* Begin PBXSourcesBuildPhase section */
		54F09C32D38F2AC3936CC64B /* Sources */ = {
			isa = PBXSourcesBuildPhase;
			buildActionMask = 2147483647;
			files = (
				A5B19BEF33D564FCCE15168E /* AINewsWidgets.swift in Sources */,
				1C3E10D18B66BE08B68DD55A /* WidgetIntents.swift in Sources */,
				21EE4F496696D2BD13C91665 /* WidgetSnapshotViews.swift in Sources */,
			);
			runOnlyForDeploymentPostprocessing = 0;
		};
		C4F7895C78BB657F3E74D505 /* Sources */ = {
			isa = PBXSourcesBuildPhase;
			buildActionMask = 2147483647;
			files = (
				320216CE06BB9CB04832CD33 /* APIClient.swift in Sources */,
				EF213F3FCF78D10C5A422733 /* AppState.swift in Sources */,
				38E737BBD557CBA7A9F9D958 /* BackendDiscovery.swift in Sources */,
				677E523833E219FFF6F54EE0 /* Models.swift in Sources */,
				FA78AC7973DD019BEA16125E /* SessionStore.swift in Sources */,
				67987731D31BA5937BBA052B /* SnapshotStore.swift in Sources */,
				89D0732454A9A1D78AB90155 /* Theme.swift in Sources */,
			);
			runOnlyForDeploymentPostprocessing = 0;
		};
		E5F0F9DFEC811E9628C2B4F1 /* Sources */ = {
			isa = PBXSourcesBuildPhase;
			buildActionMask = 2147483647;
			files = (
				0A695F2D27CF1A9E54EEEE20 /* AINewsMacApp.swift in Sources */,
				3C84CF7C26B0DEA73240E137 /* BackendSupervisor.swift in Sources */,
				33D354C81889AE1727E253C2 /* FloatingWidgetPanel.swift in Sources */,
				7B7580D1F0F6D387773E7146 /* RootView.swift in Sources */,
			);
			runOnlyForDeploymentPostprocessing = 0;
		};
/* End PBXSourcesBuildPhase section */

/* Begin PBXTargetDependency section */
		1FEE99BB1810669B1EBAAB90 /* PBXTargetDependency */ = {
			isa = PBXTargetDependency;
			name = AINewsWidgetShared;
			target = 681BFD6B7354D615615FD12F /* AINewsWidgetShared */;
			targetProxy = D6086AAF21FCF9F7405DCCB9 /* PBXContainerItemProxy */;
		};
		3BA1BCBA49CFDB9A57F0ACD0 /* PBXTargetDependency */ = {
			isa = PBXTargetDependency;
			name = AINewsWidgetShared;
			target = 681BFD6B7354D615615FD12F /* AINewsWidgetShared */;
			targetProxy = 23B1F8AEF2EF335F2A99B0F5 /* PBXContainerItemProxy */;
		};
		69C50E7D65686D687BFA241C /* PBXTargetDependency */ = {
			isa = PBXTargetDependency;
			name = AINewsWidgets;
			target = 7283092CC9D76B2AF1249F29 /* AINewsWidgets */;
			targetProxy = F017AAF335786CEB66D17791 /* PBXContainerItemProxy */;
		};
/* End PBXTargetDependency section */

/* Begin XCBuildConfiguration section */
		0372186E210C38D418E7EE64 /* Release */ = {
			isa = XCBuildConfiguration;
			buildSettings = {
				ALWAYS_SEARCH_USER_PATHS = NO;
				CLANG_ANALYZER_NONNULL = YES;
				CLANG_ANALYZER_NUMBER_OBJECT_CONVERSION = YES_AGGRESSIVE;
				CLANG_CXX_LANGUAGE_STANDARD = "gnu++14";
				CLANG_CXX_LIBRARY = "libc++";
				CLANG_ENABLE_MODULES = YES;
				CLANG_ENABLE_OBJC_ARC = YES;
				CLANG_ENABLE_OBJC_WEAK = YES;
				CLANG_WARN_BLOCK_CAPTURE_AUTORELEASING = YES;
				CLANG_WARN_BOOL_CONVERSION = YES;
				CLANG_WARN_COMMA = YES;
				CLANG_WARN_CONSTANT_CONVERSION = YES;
				CLANG_WARN_DEPRECATED_OBJC_IMPLEMENTATIONS = YES;
				CLANG_WARN_DIRECT_OBJC_ISA_USAGE = YES_ERROR;
				CLANG_WARN_DOCUMENTATION_COMMENTS = YES;
				CLANG_WARN_EMPTY_BODY = YES;
				CLANG_WARN_ENUM_CONVERSION = YES;
				CLANG_WARN_INFINITE_RECURSION = YES;
				CLANG_WARN_INT_CONVERSION = YES;
				CLANG_WARN_NON_LITERAL_NULL_CONVERSION = YES;
				CLANG_WARN_OBJC_IMPLICIT_RETAIN_SELF = YES;
				CLANG_WARN_OBJC_LITERAL_CONVERSION = YES;
				CLANG_WARN_OBJC_ROOT_CLASS = YES_ERROR;
				CLANG_WARN_QUOTED_INCLUDE_IN_FRAMEWORK_HEADER = YES;
				CLANG_WARN_RANGE_LOOP_ANALYSIS = YES;
				CLANG_WARN_STRICT_PROTOTYPES = YES;
				CLANG_WARN_SUSPICIOUS_MOVE = YES;
				CLANG_WARN_UNGUARDED_AVAILABILITY = YES_AGGRESSIVE;
				CLANG_WARN_UNREACHABLE_CODE = YES;
				CLANG_WARN__DUPLICATE_METHOD_MATCH = YES;
				COPY_PHASE_STRIP = NO;
				DEBUG_INFORMATION_FORMAT = "dwarf-with-dsym";
				ENABLE_NS_ASSERTIONS = NO;
				ENABLE_STRICT_OBJC_MSGSEND = YES;
				GCC_C_LANGUAGE_STANDARD = gnu11;
				GCC_NO_COMMON_BLOCKS = YES;
				GCC_WARN_64_TO_32_BIT_CONVERSION = YES;
				GCC_WARN_ABOUT_RETURN_TYPE = YES_ERROR;
				GCC_WARN_UNDECLARED_SELECTOR = YES;
				GCC_WARN_UNINITIALIZED_AUTOS = YES_AGGRESSIVE;
				GCC_WARN_UNUSED_FUNCTION = YES;
				GCC_WARN_UNUSED_VARIABLE = YES;
				MTL_ENABLE_DEBUG_INFO = NO;
				MTL_FAST_MATH = YES;
				PRODUCT_NAME = "$(TARGET_NAME)";
				SWIFT_COMPILATION_MODE = wholemodule;
				SWIFT_OPTIMIZATION_LEVEL = "-O";
				SWIFT_VERSION = 5.0;
			};
			name = Release;
		};
		1F97C089915241EB285C6974 /* Release */ = {
			isa = XCBuildConfiguration;
			buildSettings = {
				CLANG_ENABLE_MODULES = YES;
				CODE_SIGNING_ALLOWED = NO;
				DEFINES_MODULE = YES;
				EXECUTABLE_PREFIX = lib;
				MACOSX_DEPLOYMENT_TARGET = 14.0;
				PRODUCT_MODULE_NAME = AINewsWidgetShared;
				PRODUCT_NAME = AINewsWidgetShared;
				SDKROOT = macosx;
				SKIP_INSTALL = YES;
				SWIFT_VERSION = 5.0;
			};
			name = Release;
		};
		360ED1EC6D0AD4D67F62C5E8 /* Debug */ = {
			isa = XCBuildConfiguration;
			buildSettings = {
				APPLICATION_EXTENSION_API_ONLY = YES;
				CLANG_ENABLE_MODULES = YES;
				CODE_SIGNING_ALLOWED = NO;
				CODE_SIGN_ENTITLEMENTS = Support/AINewsWidgets.entitlements;
				INFOPLIST_FILE = "Support/AINewsWidgets-Info.plist";
				MACOSX_DEPLOYMENT_TARGET = 14.0;
				PRODUCT_BUNDLE_IDENTIFIER = com.donetianpetkov.ainewsmacwidget.widgets;
				PRODUCT_NAME = AINewsWidgets;
				SDKROOT = macosx;
				SKIP_INSTALL = YES;
				SWIFT_VERSION = 5.0;
			};
			name = Debug;
		};
		7B0CA7C11F3BF0B7CCF6B2EB /* Debug */ = {
			isa = XCBuildConfiguration;
			buildSettings = {
				ALWAYS_SEARCH_USER_PATHS = NO;
				CLANG_ANALYZER_NONNULL = YES;
				CLANG_ANALYZER_NUMBER_OBJECT_CONVERSION = YES_AGGRESSIVE;
				CLANG_CXX_LANGUAGE_STANDARD = "gnu++14";
				CLANG_CXX_LIBRARY = "libc++";
				CLANG_ENABLE_MODULES = YES;
				CLANG_ENABLE_OBJC_ARC = YES;
				CLANG_ENABLE_OBJC_WEAK = YES;
				CLANG_WARN_BLOCK_CAPTURE_AUTORELEASING = YES;
				CLANG_WARN_BOOL_CONVERSION = YES;
				CLANG_WARN_COMMA = YES;
				CLANG_WARN_CONSTANT_CONVERSION = YES;
				CLANG_WARN_DEPRECATED_OBJC_IMPLEMENTATIONS = YES;
				CLANG_WARN_DIRECT_OBJC_ISA_USAGE = YES_ERROR;
				CLANG_WARN_DOCUMENTATION_COMMENTS = YES;
				CLANG_WARN_EMPTY_BODY = YES;
				CLANG_WARN_ENUM_CONVERSION = YES;
				CLANG_WARN_INFINITE_RECURSION = YES;
				CLANG_WARN_INT_CONVERSION = YES;
				CLANG_WARN_NON_LITERAL_NULL_CONVERSION = YES;
				CLANG_WARN_OBJC_IMPLICIT_RETAIN_SELF = YES;
				CLANG_WARN_OBJC_LITERAL_CONVERSION = YES;
				CLANG_WARN_OBJC_ROOT_CLASS = YES_ERROR;
				CLANG_WARN_QUOTED_INCLUDE_IN_FRAMEWORK_HEADER = YES;
				CLANG_WARN_RANGE_LOOP_ANALYSIS = YES;
				CLANG_WARN_STRICT_PROTOTYPES = YES;
				CLANG_WARN_SUSPICIOUS_MOVE = YES;
				CLANG_WARN_UNGUARDED_AVAILABILITY = YES_AGGRESSIVE;
				CLANG_WARN_UNREACHABLE_CODE = YES;
				CLANG_WARN__DUPLICATE_METHOD_MATCH = YES;
				COPY_PHASE_STRIP = NO;
				DEBUG_INFORMATION_FORMAT = dwarf;
				ENABLE_STRICT_OBJC_MSGSEND = YES;
				ENABLE_TESTABILITY = YES;
				GCC_C_LANGUAGE_STANDARD = gnu11;
				GCC_DYNAMIC_NO_PIC = NO;
				GCC_NO_COMMON_BLOCKS = YES;
				GCC_OPTIMIZATION_LEVEL = 0;
				GCC_PREPROCESSOR_DEFINITIONS = (
					"DEBUG=1",
					"$(inherited)",
				);
				GCC_WARN_64_TO_32_BIT_CONVERSION = YES;
				GCC_WARN_ABOUT_RETURN_TYPE = YES_ERROR;
				GCC_WARN_UNDECLARED_SELECTOR = YES;
				GCC_WARN_UNINITIALIZED_AUTOS = YES_AGGRESSIVE;
				GCC_WARN_UNUSED_FUNCTION = YES;
				GCC_WARN_UNUSED_VARIABLE = YES;
				MTL_ENABLE_DEBUG_INFO = INCLUDE_SOURCE;
				MTL_FAST_MATH = YES;
				ONLY_ACTIVE_ARCH = YES;
				PRODUCT_NAME = "$(TARGET_NAME)";
				SWIFT_ACTIVE_COMPILATION_CONDITIONS = DEBUG;
				SWIFT_OPTIMIZATION_LEVEL = "-Onone";
				SWIFT_VERSION = 5.0;
			};
			name = Debug;
		};
		824D81B8486F82900AE61293 /* Debug */ = {
			isa = XCBuildConfiguration;
			buildSettings = {
				ASSETCATALOG_COMPILER_APPICON_NAME = "";
				ASSETCATALOG_COMPILER_GLOBAL_ACCENT_COLOR_NAME = AccentColor;
				CLANG_ENABLE_MODULES = YES;
				CODE_SIGNING_ALLOWED = NO;
				CODE_SIGN_ENTITLEMENTS = Support/AINewsMacApp.entitlements;
				COMBINE_HIDPI_IMAGES = YES;
				INFOPLIST_FILE = "Support/AINewsMacApp-Info.plist";
				LD_RUNPATH_SEARCH_PATHS = "$(inherited) @executable_path/../Frameworks @executable_path/../PlugIns";
				MACOSX_DEPLOYMENT_TARGET = 14.0;
				PRODUCT_BUNDLE_IDENTIFIER = com.donetianpetkov.ainewsmacwidget;
				PRODUCT_NAME = AINewsMacApp;
				SDKROOT = macosx;
				SKIP_INSTALL = NO;
				SWIFT_VERSION = 5.0;
			};
			name = Debug;
		};
		8C7F9E69D60547AF8B712256 /* Release */ = {
			isa = XCBuildConfiguration;
			buildSettings = {
				ASSETCATALOG_COMPILER_APPICON_NAME = "";
				ASSETCATALOG_COMPILER_GLOBAL_ACCENT_COLOR_NAME = AccentColor;
				CLANG_ENABLE_MODULES = YES;
				CODE_SIGNING_ALLOWED = NO;
				CODE_SIGN_ENTITLEMENTS = Support/AINewsMacApp.entitlements;
				COMBINE_HIDPI_IMAGES = YES;
				INFOPLIST_FILE = "Support/AINewsMacApp-Info.plist";
				LD_RUNPATH_SEARCH_PATHS = "$(inherited) @executable_path/../Frameworks @executable_path/../PlugIns";
				MACOSX_DEPLOYMENT_TARGET = 14.0;
				PRODUCT_BUNDLE_IDENTIFIER = com.donetianpetkov.ainewsmacwidget;
				PRODUCT_NAME = AINewsMacApp;
				SDKROOT = macosx;
				SKIP_INSTALL = NO;
				SWIFT_VERSION = 5.0;
			};
			name = Release;
		};
		925C40B0BA7561482C3A5625 /* Debug */ = {
			isa = XCBuildConfiguration;
			buildSettings = {
				CLANG_ENABLE_MODULES = YES;
				CODE_SIGNING_ALLOWED = NO;
				DEFINES_MODULE = YES;
				EXECUTABLE_PREFIX = lib;
				MACOSX_DEPLOYMENT_TARGET = 14.0;
				PRODUCT_MODULE_NAME = AINewsWidgetShared;
				PRODUCT_NAME = AINewsWidgetShared;
				SDKROOT = macosx;
				SKIP_INSTALL = YES;
				SWIFT_VERSION = 5.0;
			};
			name = Debug;
		};
		D4C09BF1527963BA434E2B34 /* Release */ = {
			isa = XCBuildConfiguration;
			buildSettings = {
				APPLICATION_EXTENSION_API_ONLY = YES;
				CLANG_ENABLE_MODULES = YES;
				CODE_SIGNING_ALLOWED = NO;
				CODE_SIGN_ENTITLEMENTS = Support/AINewsWidgets.entitlements;
				INFOPLIST_FILE = "Support/AINewsWidgets-Info.plist";
				MACOSX_DEPLOYMENT_TARGET = 14.0;
				PRODUCT_BUNDLE_IDENTIFIER = com.donetianpetkov.ainewsmacwidget.widgets;
				PRODUCT_NAME = AINewsWidgets;
				SDKROOT = macosx;
				SKIP_INSTALL = YES;
				SWIFT_VERSION = 5.0;
			};
			name = Release;
		};
/* End XCBuildConfiguration section */

/* Begin XCConfigurationList section */
		3555B27F974533355FACEB41 /* Build configuration list for PBXProject "AINewsMacWidget" */ = {
			isa = XCConfigurationList;
			buildConfigurations = (
				7B0CA7C11F3BF0B7CCF6B2EB /* Debug */,
				0372186E210C38D418E7EE64 /* Release */,
			);
			defaultConfigurationIsVisible = 0;
			defaultConfigurationName = Release;
		};
		76BCD5F5A7ACE0AE9FBAF89F /* Build configuration list for PBXNativeTarget "AINewsMacApp" */ = {
			isa = XCConfigurationList;
			buildConfigurations = (
				8C7F9E69D60547AF8B712256 /* Release */,
				824D81B8486F82900AE61293 /* Debug */,
			);
			defaultConfigurationIsVisible = 0;
			defaultConfigurationName = Release;
		};
		EEBBABCD788F5C07C78E432F /* Build configuration list for PBXNativeTarget "AINewsWidgets" */ = {
			isa = XCConfigurationList;
			buildConfigurations = (
				D4C09BF1527963BA434E2B34 /* Release */,
				360ED1EC6D0AD4D67F62C5E8 /* Debug */,
			);
			defaultConfigurationIsVisible = 0;
			defaultConfigurationName = Release;
		};
		F74ED6ED54ACCE344EFC996A /* Build configuration list for PBXNativeTarget "AINewsWidgetShared" */ = {
			isa = XCConfigurationList;
			buildConfigurations = (
				1F97C089915241EB285C6974 /* Release */,
				925C40B0BA7561482C3A5625 /* Debug */,
			);
			defaultConfigurationIsVisible = 0;
			defaultConfigurationName = Release;
		};
/* End XCConfigurationList section */
	};
	rootObject = 0D8A676D06C610A24B8229A2 /* Project object */;
}
