// !$*UTF8*$!
{
	archiveVersion = 1;
	classes = {
	};
	objectVersion = 46;
	objects = {

/* Begin PBXBuildFile section */
		198B08BF7CD4FEB40D95EAF3 /* backend-launch.json in Resources */ = {isa = PBXBuildFile; fileRef = 8388179A84D2F5FE2D6870D4 /* backend-launch.json */; };
		2FE05A5A001F3D3FC36EBB39 /* SessionStore.swift in Sources */ = {isa = PBXBuildFile; fileRef = 42C5C6ADC57AE14B23A95DD5 /* SessionStore.swift */; };
		437E56F44414108EB4CAD6F3 /* Cocoa.framework in Frameworks */ = {isa = PBXBuildFile; fileRef = 5EEB63A4399AD248D8C021AC /* Cocoa.framework */; };
		4F5275D32ED0A049D47FEF4A /* Theme.swift in Sources */ = {isa = PBXBuildFile; fileRef = E07B241F777EA3D604D6CB36 /* Theme.swift */; };
		50BD710569C19BBFF2DAB5C6 /* AINewsWidgets.appex in Embed App Extensions */ = {isa = PBXBuildFile; fileRef = 400801D92153A45AB8E08DC2 /* AINewsWidgets.appex */; };
		6F7BBDA6E1FD8C50ACCA4E8E /* libAINewsWidgetShared.a in Frameworks */ = {isa = PBXBuildFile; fileRef = 4E2828926F24F4005DA68114 /* libAINewsWidgetShared.a */; };
		70540C25CB4F967812E446A6 /* DebugLog.swift in Sources */ = {isa = PBXBuildFile; fileRef = D64463F2ECC67815750CECF4 /* DebugLog.swift */; };
		75B5205D4A851F56E790AF85 /* BackendSupervisor.swift in Sources */ = {isa = PBXBuildFile; fileRef = D3C62438D8652DECC988462F /* BackendSupervisor.swift */; };
		8C772FBDF7B78695AA3F1177 /* AINewsWidgets.swift in Sources */ = {isa = PBXBuildFile; fileRef = AE64AADC8E92FC91F49BD906 /* AINewsWidgets.swift */; };
		8CAD40A4CCCA58FF96CB65D8 /* BackendDiscovery.swift in Sources */ = {isa = PBXBuildFile; fileRef = D8E6C1307490A7BBDDE04B9C /* BackendDiscovery.swift */; };
		9B017216FAE8E3C86DB7E98D /* AINewsMacApp.swift in Sources */ = {isa = PBXBuildFile; fileRef = 0D5DF108DBD8FDE89A3C822B /* AINewsMacApp.swift */; };
		9B5FD223EF12477964AD8E99 /* AppState.swift in Sources */ = {isa = PBXBuildFile; fileRef = 04FEF44243D1C5D57FD64B71 /* AppState.swift */; };
		AA1075F8172CE44A3CA51D3E /* WidgetSnapshotViews.swift in Sources */ = {isa = PBXBuildFile; fileRef = 41AF2814724D9D376542740B /* WidgetSnapshotViews.swift */; };
		ACA07497255408DA1C6A5333 /* APIClient.swift in Sources */ = {isa = PBXBuildFile; fileRef = 5793E96D67C85A6571AB41A3 /* APIClient.swift */; };
		CC28A20C21B50099F8C82F95 /* Cocoa.framework in Frameworks */ = {isa = PBXBuildFile; fileRef = 5EEB63A4399AD248D8C021AC /* Cocoa.framework */; };
		CD300012AA89D03912DE6EB1 /* SnapshotStore.swift in Sources */ = {isa = PBXBuildFile; fileRef = 844F6D11A19653F8D910AF52 /* SnapshotStore.swift */; };
		D94B83CEDFA49FE68E23B809 /* FloatingWidgetPanel.swift in Sources */ = {isa = PBXBuildFile; fileRef = EAB1E131BDE5A88AE3A883A9 /* FloatingWidgetPanel.swift */; };
		ED7EF84BFA5DB821C9F24625 /* Models.swift in Sources */ = {isa = PBXBuildFile; fileRef = 0BAD563102F48C1E2492FCDB /* Models.swift */; };
		F0EB3527CACF81E132601181 /* RootView.swift in Sources */ = {isa = PBXBuildFile; fileRef = 307D780F5EC38B82E9D51452 /* RootView.swift */; };
		F35D075A440E477560DF7159 /* WidgetIntents.swift in Sources */ = {isa = PBXBuildFile; fileRef = 518EE1582086B3B56F1EC214 /* WidgetIntents.swift */; };
		FEDBAEE408F6A25C64819544 /* libAINewsWidgetShared.a in Frameworks */ = {isa = PBXBuildFile; fileRef = 4E2828926F24F4005DA68114 /* libAINewsWidgetShared.a */; };
/* End PBXBuildFile section */

/* Begin PBXContainerItemProxy section */
		5FDF139A1DAA679F54FD5455 /* PBXContainerItemProxy */ = {
			isa = PBXContainerItemProxy;
			containerPortal = 8680CC5805C91D48AEBCF825 /* Project object */;
			proxyType = 1;
			remoteGlobalIDString = 0A66F593015A78BBEC81B426;
			remoteInfo = AINewsWidgetShared;
		};
		737723CD08CA0CA2EE00DDDB /* PBXContainerItemProxy */ = {
			isa = PBXContainerItemProxy;
			containerPortal = 8680CC5805C91D48AEBCF825 /* Project object */;
			proxyType = 1;
			remoteGlobalIDString = 2F2CD9F9C28BC8244861A13C;
			remoteInfo = AINewsWidgets;
		};
		8DCD766E109DD30F88DC4DFB /* PBXContainerItemProxy */ = {
			isa = PBXContainerItemProxy;
			containerPortal = 8680CC5805C91D48AEBCF825 /* Project object */;
			proxyType = 1;
			remoteGlobalIDString = 0A66F593015A78BBEC81B426;
			remoteInfo = AINewsWidgetShared;
		};
/* End PBXContainerItemProxy section */

/* Begin PBXCopyFilesBuildPhase section */
		82C02626BD4ED32690695422 /* Embed App Extensions */ = {
			isa = PBXCopyFilesBuildPhase;
			buildActionMask = 2147483647;
			dstPath = "";
			dstSubfolderSpec = 13;
			files = (
				50BD710569C19BBFF2DAB5C6 /* AINewsWidgets.appex in Embed App Extensions */,
			);
			name = "Embed App Extensions";
			runOnlyForDeploymentPostprocessing = 0;
		};
/* End PBXCopyFilesBuildPhase section */

/* Begin PBXFileReference section */
		04FEF44243D1C5D57FD64B71 /* AppState.swift */ = {isa = PBXFileReference; includeInIndex = 1; lastKnownFileType = sourcecode.swift; path = AppState.swift; sourceTree = "<group>"; };
		0BAD563102F48C1E2492FCDB /* Models.swift */ = {isa = PBXFileReference; includeInIndex = 1; lastKnownFileType = sourcecode.swift; path = Models.swift; sourceTree = "<group>"; };
		0D5DF108DBD8FDE89A3C822B /* AINewsMacApp.swift */ = {isa = PBXFileReference; includeInIndex = 1; lastKnownFileType = sourcecode.swift; path = AINewsMacApp.swift; sourceTree = "<group>"; };
		307D780F5EC38B82E9D51452 /* RootView.swift */ = {isa = PBXFileReference; includeInIndex = 1; lastKnownFileType = sourcecode.swift; path = RootView.swift; sourceTree = "<group>"; };
		400801D92153A45AB8E08DC2 /* AINewsWidgets.appex */ = {isa = PBXFileReference; explicitFileType = "wrapper.app-extension"; includeInIndex = 1; path = AINewsWidgets.appex; sourceTree = BUILT_PRODUCTS_DIR; };
		41AF2814724D9D376542740B /* WidgetSnapshotViews.swift */ = {isa = PBXFileReference; includeInIndex = 1; lastKnownFileType = sourcecode.swift; path = WidgetSnapshotViews.swift; sourceTree = "<group>"; };
		42C5C6ADC57AE14B23A95DD5 /* SessionStore.swift */ = {isa = PBXFileReference; includeInIndex = 1; lastKnownFileType = sourcecode.swift; path = SessionStore.swift; sourceTree = "<group>"; };
		43C0265BECEA9D8BCE3AB101 /* AINewsWidgets-Info.plist */ = {isa = PBXFileReference; includeInIndex = 1; lastKnownFileType = text.plist.xml; path = "AINewsWidgets-Info.plist"; sourceTree = "<group>"; };
		4E2828926F24F4005DA68114 /* libAINewsWidgetShared.a */ = {isa = PBXFileReference; explicitFileType = archive.ar; includeInIndex = 1; path = libAINewsWidgetShared.a; sourceTree = BUILT_PRODUCTS_DIR; };
		518EE1582086B3B56F1EC214 /* WidgetIntents.swift */ = {isa = PBXFileReference; includeInIndex = 1; lastKnownFileType = sourcecode.swift; path = WidgetIntents.swift; sourceTree = "<group>"; };
		5793E96D67C85A6571AB41A3 /* APIClient.swift */ = {isa = PBXFileReference; includeInIndex = 1; lastKnownFileType = sourcecode.swift; path = APIClient.swift; sourceTree = "<group>"; };
		5E2C2A79ABE1E0D31B6E59FB /* AINewsWidgets.entitlements */ = {isa = PBXFileReference; includeInIndex = 1; lastKnownFileType = text.plist.entitlements; path = AINewsWidgets.entitlements; sourceTree = "<group>"; };
		5EEB63A4399AD248D8C021AC /* Cocoa.framework */ = {isa = PBXFileReference; lastKnownFileType = wrapper.framework; name = Cocoa.framework; path = Platforms/MacOSX.platform/Developer/SDKs/MacOSX15.0.sdk/System/Library/Frameworks/Cocoa.framework; sourceTree = DEVELOPER_DIR; };
		8388179A84D2F5FE2D6870D4 /* backend-launch.json */ = {isa = PBXFileReference; includeInIndex = 1; path = "backend-launch.json"; sourceTree = "<group>"; };
		844F6D11A19653F8D910AF52 /* SnapshotStore.swift */ = {isa = PBXFileReference; includeInIndex = 1; lastKnownFileType = sourcecode.swift; path = SnapshotStore.swift; sourceTree = "<group>"; };
		A43FB2FBFE153D0C6E897EA8 /* AINewsMacApp-Info.plist */ = {isa = PBXFileReference; includeInIndex = 1; lastKnownFileType = text.plist.xml; path = "AINewsMacApp-Info.plist"; sourceTree = "<group>"; };
		AE64AADC8E92FC91F49BD906 /* AINewsWidgets.swift */ = {isa = PBXFileReference; includeInIndex = 1; lastKnownFileType = sourcecode.swift; path = AINewsWidgets.swift; sourceTree = "<group>"; };
		B172CB1CD184EE01A683AE4F /* AINewsMacApp.app */ = {isa = PBXFileReference; explicitFileType = wrapper.application; includeInIndex = 1; path = AINewsMacApp.app; sourceTree = BUILT_PRODUCTS_DIR; };
		D3C62438D8652DECC988462F /* BackendSupervisor.swift */ = {isa = PBXFileReference; includeInIndex = 1; lastKnownFileType = sourcecode.swift; path = BackendSupervisor.swift; sourceTree = "<group>"; };
		D64463F2ECC67815750CECF4 /* DebugLog.swift */ = {isa = PBXFileReference; includeInIndex = 1; lastKnownFileType = sourcecode.swift; path = DebugLog.swift; sourceTree = "<group>"; };
		D8E6C1307490A7BBDDE04B9C /* BackendDiscovery.swift */ = {isa = PBXFileReference; includeInIndex = 1; lastKnownFileType = sourcecode.swift; path = BackendDiscovery.swift; sourceTree = "<group>"; };
		E07B241F777EA3D604D6CB36 /* Theme.swift */ = {isa = PBXFileReference; includeInIndex = 1; lastKnownFileType = sourcecode.swift; path = Theme.swift; sourceTree = "<group>"; };
		EAB1E131BDE5A88AE3A883A9 /* FloatingWidgetPanel.swift */ = {isa = PBXFileReference; includeInIndex = 1; lastKnownFileType = sourcecode.swift; path = FloatingWidgetPanel.swift; sourceTree = "<group>"; };
		F801EDE115EC98D828748F65 /* AINewsMacApp.entitlements */ = {isa = PBXFileReference; includeInIndex = 1; lastKnownFileType = text.plist.entitlements; path = AINewsMacApp.entitlements; sourceTree = "<group>"; };
/* End PBXFileReference section */

/* Begin PBXFrameworksBuildPhase section */
		26443DDD1BAC967E58117E72 /* Frameworks */ = {
			isa = PBXFrameworksBuildPhase;
			buildActionMask = 2147483647;
			files = (
				437E56F44414108EB4CAD6F3 /* Cocoa.framework in Frameworks */,
				6F7BBDA6E1FD8C50ACCA4E8E /* libAINewsWidgetShared.a in Frameworks */,
			);
			runOnlyForDeploymentPostprocessing = 0;
		};
		B353061ABD315479E10DFE9D /* Frameworks */ = {
			isa = PBXFrameworksBuildPhase;
			buildActionMask = 2147483647;
			files = (
				CC28A20C21B50099F8C82F95 /* Cocoa.framework in Frameworks */,
				FEDBAEE408F6A25C64819544 /* libAINewsWidgetShared.a in Frameworks */,
			);
			runOnlyForDeploymentPostprocessing = 0;
		};
		FA247DA90C1BF4F18D4D1566 /* Frameworks */ = {
			isa = PBXFrameworksBuildPhase;
			buildActionMask = 2147483647;
			files = (
			);
			runOnlyForDeploymentPostprocessing = 0;
		};
/* End PBXFrameworksBuildPhase section */

/* Begin PBXGroup section */
		1475A1F9D57861922616752C = {
			isa = PBXGroup;
			children = (
				269920BE27F5872577141A62 /* Products */,
				5FE140C4E8FE3B81CC478388 /* Frameworks */,
				C43CF4EA26E233761824E8FC /* Sources */,
				2D6D1AFCC7C2C813CBCF036E /* Support */,
			);
			sourceTree = "<group>";
		};
		269920BE27F5872577141A62 /* Products */ = {
			isa = PBXGroup;
			children = (
				4E2828926F24F4005DA68114 /* libAINewsWidgetShared.a */,
				B172CB1CD184EE01A683AE4F /* AINewsMacApp.app */,
				400801D92153A45AB8E08DC2 /* AINewsWidgets.appex */,
			);
			name = Products;
			sourceTree = "<group>";
		};
		2D6D1AFCC7C2C813CBCF036E /* Support */ = {
			isa = PBXGroup;
			children = (
				A43FB2FBFE153D0C6E897EA8 /* AINewsMacApp-Info.plist */,
				43C0265BECEA9D8BCE3AB101 /* AINewsWidgets-Info.plist */,
				F801EDE115EC98D828748F65 /* AINewsMacApp.entitlements */,
				5E2C2A79ABE1E0D31B6E59FB /* AINewsWidgets.entitlements */,
				8388179A84D2F5FE2D6870D4 /* backend-launch.json */,
			);
			name = Support;
			path = Support;
			sourceTree = "<group>";
		};
		4273E929F9CFA40DAD76DD2C /* AINewsWidgetShared */ = {
			isa = PBXGroup;
			children = (
				5793E96D67C85A6571AB41A3 /* APIClient.swift */,
				04FEF44243D1C5D57FD64B71 /* AppState.swift */,
				D8E6C1307490A7BBDDE04B9C /* BackendDiscovery.swift */,
				D64463F2ECC67815750CECF4 /* DebugLog.swift */,
				0BAD563102F48C1E2492FCDB /* Models.swift */,
				42C5C6ADC57AE14B23A95DD5 /* SessionStore.swift */,
				844F6D11A19653F8D910AF52 /* SnapshotStore.swift */,
				E07B241F777EA3D604D6CB36 /* Theme.swift */,
			);
			name = AINewsWidgetShared;
			path = AINewsWidgetShared;
			sourceTree = "<group>";
		};
		5FE140C4E8FE3B81CC478388 /* Frameworks */ = {
			isa = PBXGroup;
			children = (
				AAE8F1958D3339585834241B /* OS X */,
			);
			name = Frameworks;
			sourceTree = "<group>";
		};
		A13026EBE89E30490E24BD28 /* AINewsMacApp */ = {
			isa = PBXGroup;
			children = (
				0D5DF108DBD8FDE89A3C822B /* AINewsMacApp.swift */,
				D3C62438D8652DECC988462F /* BackendSupervisor.swift */,
				EAB1E131BDE5A88AE3A883A9 /* FloatingWidgetPanel.swift */,
				307D780F5EC38B82E9D51452 /* RootView.swift */,
			);
			name = AINewsMacApp;
			path = AINewsMacApp;
			sourceTree = "<group>";
		};
		AAE8F1958D3339585834241B /* OS X */ = {
			isa = PBXGroup;
			children = (
				5EEB63A4399AD248D8C021AC /* Cocoa.framework */,
			);
			name = "OS X";
			sourceTree = "<group>";
		};
		AE8E71174A04504CB844075C /* AINewsWidgetExtensionSupport */ = {
			isa = PBXGroup;
			children = (
				518EE1582086B3B56F1EC214 /* WidgetIntents.swift */,
				41AF2814724D9D376542740B /* WidgetSnapshotViews.swift */,
			);
			name = AINewsWidgetExtensionSupport;
			path = AINewsWidgetExtensionSupport;
			sourceTree = "<group>";
		};
		C43CF4EA26E233761824E8FC /* Sources */ = {
			isa = PBXGroup;
			children = (
				4273E929F9CFA40DAD76DD2C /* AINewsWidgetShared */,
				A13026EBE89E30490E24BD28 /* AINewsMacApp */,
				F35E15E69626283CED835FA7 /* AINewsWidgets */,
				AE8E71174A04504CB844075C /* AINewsWidgetExtensionSupport */,
			);
			name = Sources;
			path = Sources;
			sourceTree = "<group>";
		};
		F35E15E69626283CED835FA7 /* AINewsWidgets */ = {
			isa = PBXGroup;
			children = (
				AE64AADC8E92FC91F49BD906 /* AINewsWidgets.swift */,
			);
			name = AINewsWidgets;
			path = AINewsWidgetExtension;
			sourceTree = "<group>";
		};
/* End PBXGroup section */

/* Begin PBXHeadersBuildPhase section */
		F73303E18037562693D2AEDE /* Headers */ = {
			isa = PBXHeadersBuildPhase;
			buildActionMask = 2147483647;
			files = (
			);
			runOnlyForDeploymentPostprocessing = 0;
		};
/* End PBXHeadersBuildPhase section */

/* Begin PBXNativeTarget section */
		0A66F593015A78BBEC81B426 /* AINewsWidgetShared */ = {
			isa = PBXNativeTarget;
			buildConfigurationList = 2F1F7F2B3DB921DF14B0F82E /* Build configuration list for PBXNativeTarget "AINewsWidgetShared" */;
			buildPhases = (
				F73303E18037562693D2AEDE /* Headers */,
				88F00240418D7338370D4EC4 /* Sources */,
				FA247DA90C1BF4F18D4D1566 /* Frameworks */,
			);
			buildRules = (
			);
			dependencies = (
			);
			name = AINewsWidgetShared;
			productName = AINewsWidgetShared;
			productReference = 4E2828926F24F4005DA68114 /* libAINewsWidgetShared.a */;
			productType = "com.apple.product-type.library.static";
		};
		2F2CD9F9C28BC8244861A13C /* AINewsWidgets */ = {
			isa = PBXNativeTarget;
			buildConfigurationList = 1C60DCBF40BE3A1F5CF14E39 /* Build configuration list for PBXNativeTarget "AINewsWidgets" */;
			buildPhases = (
				FD52568676F3B382F8794DCB /* Sources */,
				B353061ABD315479E10DFE9D /* Frameworks */,
				F2D6691441FA33CFD496DC32 /* Resources */,
			);
			buildRules = (
			);
			dependencies = (
				5C29196116C705CC45B60824 /* PBXTargetDependency */,
			);
			name = AINewsWidgets;
			productName = AINewsWidgets;
			productReference = 400801D92153A45AB8E08DC2 /* AINewsWidgets.appex */;
			productType = "com.apple.product-type.app-extension";
		};
		A235278920F56904FCBD4CB6 /* AINewsMacApp */ = {
			isa = PBXNativeTarget;
			buildConfigurationList = CFCCA4849B1F24359F6D6CC6 /* Build configuration list for PBXNativeTarget "AINewsMacApp" */;
			buildPhases = (
				F71A4D426F48E6CA80FDF200 /* Sources */,
				26443DDD1BAC967E58117E72 /* Frameworks */,
				BCD42DD7A9C858C52F605EBD /* Resources */,
				82C02626BD4ED32690695422 /* Embed App Extensions */,
			);
			buildRules = (
			);
			dependencies = (
				E01E94B131C2804865A1283D /* PBXTargetDependency */,
				CAA7ECEED0BA16715D01451E /* PBXTargetDependency */,
			);
			name = AINewsMacApp;
			productName = AINewsMacApp;
			productReference = B172CB1CD184EE01A683AE4F /* AINewsMacApp.app */;
			productType = "com.apple.product-type.application";
		};
/* End PBXNativeTarget section */

/* Begin PBXProject section */
		8680CC5805C91D48AEBCF825 /* Project object */ = {
			isa = PBXProject;
			attributes = {
				LastSwiftUpdateCheck = 1640;
				LastUpgradeCheck = 1640;
			};
			buildConfigurationList = C1D6C6798FE42AEF51CE6CE5 /* Build configuration list for PBXProject "AINewsMacWidget" */;
			compatibilityVersion = "Xcode 3.2";
			developmentRegion = en;
			hasScannedForEncodings = 0;
			knownRegions = (
				en,
				Base,
			);
			mainGroup = 1475A1F9D57861922616752C;
			minimizedProjectReferenceProxies = 0;
			preferredProjectObjectVersion = 77;
			productRefGroup = 269920BE27F5872577141A62 /* Products */;
			projectDirPath = "";
			projectRoot = "";
			targets = (
				0A66F593015A78BBEC81B426 /* AINewsWidgetShared */,
				A235278920F56904FCBD4CB6 /* AINewsMacApp */,
				2F2CD9F9C28BC8244861A13C /* AINewsWidgets */,
			);
		};
/* End PBXProject section */

/* Begin PBXResourcesBuildPhase section */
		BCD42DD7A9C858C52F605EBD /* Resources */ = {
			isa = PBXResourcesBuildPhase;
			buildActionMask = 2147483647;
			files = (
				198B08BF7CD4FEB40D95EAF3 /* backend-launch.json in Resources */,
			);
			runOnlyForDeploymentPostprocessing = 0;
		};
		F2D6691441FA33CFD496DC32 /* Resources */ = {
			isa = PBXResourcesBuildPhase;
			buildActionMask = 2147483647;
			files = (
			);
			runOnlyForDeploymentPostprocessing = 0;
		};
/* End PBXResourcesBuildPhase section */

/* Begin PBXSourcesBuildPhase section */
		88F00240418D7338370D4EC4 /* Sources */ = {
			isa = PBXSourcesBuildPhase;
			buildActionMask = 2147483647;
			files = (
				ACA07497255408DA1C6A5333 /* APIClient.swift in Sources */,
				9B5FD223EF12477964AD8E99 /* AppState.swift in Sources */,
				8CAD40A4CCCA58FF96CB65D8 /* BackendDiscovery.swift in Sources */,
				70540C25CB4F967812E446A6 /* DebugLog.swift in Sources */,
				ED7EF84BFA5DB821C9F24625 /* Models.swift in Sources */,
				2FE05A5A001F3D3FC36EBB39 /* SessionStore.swift in Sources */,
				CD300012AA89D03912DE6EB1 /* SnapshotStore.swift in Sources */,
				4F5275D32ED0A049D47FEF4A /* Theme.swift in Sources */,
			);
			runOnlyForDeploymentPostprocessing = 0;
		};
		F71A4D426F48E6CA80FDF200 /* Sources */ = {
			isa = PBXSourcesBuildPhase;
			buildActionMask = 2147483647;
			files = (
				9B017216FAE8E3C86DB7E98D /* AINewsMacApp.swift in Sources */,
				75B5205D4A851F56E790AF85 /* BackendSupervisor.swift in Sources */,
				D94B83CEDFA49FE68E23B809 /* FloatingWidgetPanel.swift in Sources */,
				F0EB3527CACF81E132601181 /* RootView.swift in Sources */,
			);
			runOnlyForDeploymentPostprocessing = 0;
		};
		FD52568676F3B382F8794DCB /* Sources */ = {
			isa = PBXSourcesBuildPhase;
			buildActionMask = 2147483647;
			files = (
				8C772FBDF7B78695AA3F1177 /* AINewsWidgets.swift in Sources */,
				F35D075A440E477560DF7159 /* WidgetIntents.swift in Sources */,
				AA1075F8172CE44A3CA51D3E /* WidgetSnapshotViews.swift in Sources */,
			);
			runOnlyForDeploymentPostprocessing = 0;
		};
/* End PBXSourcesBuildPhase section */

/* Begin PBXTargetDependency section */
		5C29196116C705CC45B60824 /* PBXTargetDependency */ = {
			isa = PBXTargetDependency;
			name = AINewsWidgetShared;
			target = 0A66F593015A78BBEC81B426 /* AINewsWidgetShared */;
			targetProxy = 8DCD766E109DD30F88DC4DFB /* PBXContainerItemProxy */;
		};
		CAA7ECEED0BA16715D01451E /* PBXTargetDependency */ = {
			isa = PBXTargetDependency;
			name = AINewsWidgets;
			target = 2F2CD9F9C28BC8244861A13C /* AINewsWidgets */;
			targetProxy = 737723CD08CA0CA2EE00DDDB /* PBXContainerItemProxy */;
		};
		E01E94B131C2804865A1283D /* PBXTargetDependency */ = {
			isa = PBXTargetDependency;
			name = AINewsWidgetShared;
			target = 0A66F593015A78BBEC81B426 /* AINewsWidgetShared */;
			targetProxy = 5FDF139A1DAA679F54FD5455 /* PBXContainerItemProxy */;
		};
/* End PBXTargetDependency section */

/* Begin XCBuildConfiguration section */
		0AB1D310379BDDC1AA8CF6B4 /* Release */ = {
			isa = XCBuildConfiguration;
			buildSettings = {
				CLANG_ENABLE_MODULES = YES;
				CODE_SIGNING_ALLOWED = NO;
				DEFINES_MODULE = YES;
				EXECUTABLE_PREFIX = lib;
				MACOSX_DEPLOYMENT_TARGET = 14.0;
				PRODUCT_MODULE_NAME = AINewsWidgetShared;
				PRODUCT_NAME = AINewsWidgetShared;
				SDKROOT = macosx;
				SKIP_INSTALL = YES;
				SWIFT_VERSION = 5.0;
			};
			name = Release;
		};
		11C1D4BA173C400B48DCC64E /* Release */ = {
			isa = XCBuildConfiguration;
			buildSettings = {
				APPLICATION_EXTENSION_API_ONLY = YES;
				CLANG_ENABLE_MODULES = YES;
				CODE_SIGNING_ALLOWED = NO;
				CODE_SIGN_ENTITLEMENTS = Support/AINewsWidgets.entitlements;
				INFOPLIST_FILE = "Support/AINewsWidgets-Info.plist";
				MACOSX_DEPLOYMENT_TARGET = 14.0;
				PRODUCT_BUNDLE_IDENTIFIER = com.donetianpetkov.ainewsmacwidget.widgets;
				PRODUCT_NAME = AINewsWidgets;
				SDKROOT = macosx;
				SKIP_INSTALL = YES;
				SWIFT_VERSION = 5.0;
			};
			name = Release;
		};
		28BC6DC24499D5DF986A389C /* Debug */ = {
			isa = XCBuildConfiguration;
			buildSettings = {
				CLANG_ENABLE_MODULES = YES;
				CODE_SIGNING_ALLOWED = NO;
				DEFINES_MODULE = YES;
				EXECUTABLE_PREFIX = lib;
				MACOSX_DEPLOYMENT_TARGET = 14.0;
				PRODUCT_MODULE_NAME = AINewsWidgetShared;
				PRODUCT_NAME = AINewsWidgetShared;
				SDKROOT = macosx;
				SKIP_INSTALL = YES;
				SWIFT_VERSION = 5.0;
			};
			name = Debug;
		};
		593DB8D9F2A0B894D0403D50 /* Release */ = {
			isa = XCBuildConfiguration;
			buildSettings = {
				ASSETCATALOG_COMPILER_APPICON_NAME = "";
				ASSETCATALOG_COMPILER_GLOBAL_ACCENT_COLOR_NAME = AccentColor;
				CLANG_ENABLE_MODULES = YES;
				CODE_SIGNING_ALLOWED = NO;
				CODE_SIGN_ENTITLEMENTS = Support/AINewsMacApp.entitlements;
				COMBINE_HIDPI_IMAGES = YES;
				INFOPLIST_FILE = "Support/AINewsMacApp-Info.plist";
				LD_RUNPATH_SEARCH_PATHS = "$(inherited) @executable_path/../Frameworks @executable_path/../PlugIns";
				MACOSX_DEPLOYMENT_TARGET = 14.0;
				PRODUCT_BUNDLE_IDENTIFIER = com.donetianpetkov.ainewsmacwidget;
				PRODUCT_NAME = AINewsMacApp;
				SDKROOT = macosx;
				SKIP_INSTALL = NO;
				SWIFT_VERSION = 5.0;
			};
			name = Release;
		};
		7446196250A06C9F680D9188 /* Debug */ = {
			isa = XCBuildConfiguration;
			buildSettings = {
				APPLICATION_EXTENSION_API_ONLY = YES;
				CLANG_ENABLE_MODULES = YES;
				CODE_SIGNING_ALLOWED = NO;
				CODE_SIGN_ENTITLEMENTS = Support/AINewsWidgets.entitlements;
				INFOPLIST_FILE = "Support/AINewsWidgets-Info.plist";
				MACOSX_DEPLOYMENT_TARGET = 14.0;
				PRODUCT_BUNDLE_IDENTIFIER = com.donetianpetkov.ainewsmacwidget.widgets;
				PRODUCT_NAME = AINewsWidgets;
				SDKROOT = macosx;
				SKIP_INSTALL = YES;
				SWIFT_VERSION = 5.0;
			};
			name = Debug;
		};
		9462423D2E2E83EABA80FE73 /* Release */ = {
			isa = XCBuildConfiguration;
			buildSettings = {
				ALWAYS_SEARCH_USER_PATHS = NO;
				CLANG_ANALYZER_NONNULL = YES;
				CLANG_ANALYZER_NUMBER_OBJECT_CONVERSION = YES_AGGRESSIVE;
				CLANG_CXX_LANGUAGE_STANDARD = "gnu++14";
				CLANG_CXX_LIBRARY = "libc++";
				CLANG_ENABLE_MODULES = YES;
				CLANG_ENABLE_OBJC_ARC = YES;
				CLANG_ENABLE_OBJC_WEAK = YES;
				CLANG_WARN_BLOCK_CAPTURE_AUTORELEASING = YES;
				CLANG_WARN_BOOL_CONVERSION = YES;
				CLANG_WARN_COMMA = YES;
				CLANG_WARN_CONSTANT_CONVERSION = YES;
				CLANG_WARN_DEPRECATED_OBJC_IMPLEMENTATIONS = YES;
				CLANG_WARN_DIRECT_OBJC_ISA_USAGE = YES_ERROR;
				CLANG_WARN_DOCUMENTATION_COMMENTS = YES;
				CLANG_WARN_EMPTY_BODY = YES;
				CLANG_WARN_ENUM_CONVERSION = YES;
				CLANG_WARN_INFINITE_RECURSION = YES;
				CLANG_WARN_INT_CONVERSION = YES;
				CLANG_WARN_NON_LITERAL_NULL_CONVERSION = YES;
				CLANG_WARN_OBJC_IMPLICIT_RETAIN_SELF = YES;
				CLANG_WARN_OBJC_LITERAL_CONVERSION = YES;
				CLANG_WARN_OBJC_ROOT_CLASS = YES_ERROR;
				CLANG_WARN_QUOTED_INCLUDE_IN_FRAMEWORK_HEADER = YES;
				CLANG_WARN_RANGE_LOOP_ANALYSIS = YES;
				CLANG_WARN_STRICT_PROTOTYPES = YES;
				CLANG_WARN_SUSPICIOUS_MOVE = YES;
				CLANG_WARN_UNGUARDED_AVAILABILITY = YES_AGGRESSIVE;
				CLANG_WARN_UNREACHABLE_CODE = YES;
				CLANG_WARN__DUPLICATE_METHOD_MATCH = YES;
				COPY_PHASE_STRIP = NO;
				DEBUG_INFORMATION_FORMAT = "dwarf-with-dsym";
				ENABLE_NS_ASSERTIONS = NO;
				ENABLE_STRICT_OBJC_MSGSEND = YES;
				GCC_C_LANGUAGE_STANDARD = gnu11;
				GCC_NO_COMMON_BLOCKS = YES;
				GCC_WARN_64_TO_32_BIT_CONVERSION = YES;
				GCC_WARN_ABOUT_RETURN_TYPE = YES_ERROR;
				GCC_WARN_UNDECLARED_SELECTOR = YES;
				GCC_WARN_UNINITIALIZED_AUTOS = YES_AGGRESSIVE;
				GCC_WARN_UNUSED_FUNCTION = YES;
				GCC_WARN_UNUSED_VARIABLE = YES;
				MTL_ENABLE_DEBUG_INFO = NO;
				MTL_FAST_MATH = YES;
				PRODUCT_NAME = "$(TARGET_NAME)";
				SWIFT_COMPILATION_MODE = wholemodule;
				SWIFT_OPTIMIZATION_LEVEL = "-O";
				SWIFT_VERSION = 5.0;
			};
			name = Release;
		};
		99563CEC766DC67CE332E712 /* Debug */ = {
			isa = XCBuildConfiguration;
			buildSettings = {
				ALWAYS_SEARCH_USER_PATHS = NO;
				CLANG_ANALYZER_NONNULL = YES;
				CLANG_ANALYZER_NUMBER_OBJECT_CONVERSION = YES_AGGRESSIVE;
				CLANG_CXX_LANGUAGE_STANDARD = "gnu++14";
				CLANG_CXX_LIBRARY = "libc++";
				CLANG_ENABLE_MODULES = YES;
				CLANG_ENABLE_OBJC_ARC = YES;
				CLANG_ENABLE_OBJC_WEAK = YES;
				CLANG_WARN_BLOCK_CAPTURE_AUTORELEASING = YES;
				CLANG_WARN_BOOL_CONVERSION = YES;
				CLANG_WARN_COMMA = YES;
				CLANG_WARN_CONSTANT_CONVERSION = YES;
				CLANG_WARN_DEPRECATED_OBJC_IMPLEMENTATIONS = YES;
				CLANG_WARN_DIRECT_OBJC_ISA_USAGE = YES_ERROR;
				CLANG_WARN_DOCUMENTATION_COMMENTS = YES;
				CLANG_WARN_EMPTY_BODY = YES;
				CLANG_WARN_ENUM_CONVERSION = YES;
				CLANG_WARN_INFINITE_RECURSION = YES;
				CLANG_WARN_INT_CONVERSION = YES;
				CLANG_WARN_NON_LITERAL_NULL_CONVERSION = YES;
				CLANG_WARN_OBJC_IMPLICIT_RETAIN_SELF = YES;
				CLANG_WARN_OBJC_LITERAL_CONVERSION = YES;
				CLANG_WARN_OBJC_ROOT_CLASS = YES_ERROR;
				CLANG_WARN_QUOTED_INCLUDE_IN_FRAMEWORK_HEADER = YES;
				CLANG_WARN_RANGE_LOOP_ANALYSIS = YES;
				CLANG_WARN_STRICT_PROTOTYPES = YES;
				CLANG_WARN_SUSPICIOUS_MOVE = YES;
				CLANG_WARN_UNGUARDED_AVAILABILITY = YES_AGGRESSIVE;
				CLANG_WARN_UNREACHABLE_CODE = YES;
				CLANG_WARN__DUPLICATE_METHOD_MATCH = YES;
				COPY_PHASE_STRIP = NO;
				DEBUG_INFORMATION_FORMAT = dwarf;
				ENABLE_STRICT_OBJC_MSGSEND = YES;
				ENABLE_TESTABILITY = YES;
				GCC_C_LANGUAGE_STANDARD = gnu11;
				GCC_DYNAMIC_NO_PIC = NO;
				GCC_NO_COMMON_BLOCKS = YES;
				GCC_OPTIMIZATION_LEVEL = 0;
				GCC_PREPROCESSOR_DEFINITIONS = (
					"DEBUG=1",
					"$(inherited)",
				);
				GCC_WARN_64_TO_32_BIT_CONVERSION = YES;
				GCC_WARN_ABOUT_RETURN_TYPE = YES_ERROR;
				GCC_WARN_UNDECLARED_SELECTOR = YES;
				GCC_WARN_UNINITIALIZED_AUTOS = YES_AGGRESSIVE;
				GCC_WARN_UNUSED_FUNCTION = YES;
				GCC_WARN_UNUSED_VARIABLE = YES;
				MTL_ENABLE_DEBUG_INFO = INCLUDE_SOURCE;
				MTL_FAST_MATH = YES;
				ONLY_ACTIVE_ARCH = YES;
				PRODUCT_NAME = "$(TARGET_NAME)";
				SWIFT_ACTIVE_COMPILATION_CONDITIONS = DEBUG;
				SWIFT_OPTIMIZATION_LEVEL = "-Onone";
				SWIFT_VERSION = 5.0;
			};
			name = Debug;
		};
		AB88A7C15D7C2E7ED3CC6506 /* Debug */ = {
			isa = XCBuildConfiguration;
			buildSettings = {
				ASSETCATALOG_COMPILER_APPICON_NAME = "";
				ASSETCATALOG_COMPILER_GLOBAL_ACCENT_COLOR_NAME = AccentColor;
				CLANG_ENABLE_MODULES = YES;
				CODE_SIGNING_ALLOWED = NO;
				CODE_SIGN_ENTITLEMENTS = Support/AINewsMacApp.entitlements;
				COMBINE_HIDPI_IMAGES = YES;
				INFOPLIST_FILE = "Support/AINewsMacApp-Info.plist";
				LD_RUNPATH_SEARCH_PATHS = "$(inherited) @executable_path/../Frameworks @executable_path/../PlugIns";
				MACOSX_DEPLOYMENT_TARGET = 14.0;
				PRODUCT_BUNDLE_IDENTIFIER = com.donetianpetkov.ainewsmacwidget;
				PRODUCT_NAME = AINewsMacApp;
				SDKROOT = macosx;
				SKIP_INSTALL = NO;
				SWIFT_VERSION = 5.0;
			};
			name = Debug;
		};
/* End XCBuildConfiguration section */

/* Begin XCConfigurationList section */
		1C60DCBF40BE3A1F5CF14E39 /* Build configuration list for PBXNativeTarget "AINewsWidgets" */ = {
			isa = XCConfigurationList;
			buildConfigurations = (
				11C1D4BA173C400B48DCC64E /* Release */,
				7446196250A06C9F680D9188 /* Debug */,
			);
			defaultConfigurationIsVisible = 0;
			defaultConfigurationName = Release;
		};
		2F1F7F2B3DB921DF14B0F82E /* Build configuration list for PBXNativeTarget "AINewsWidgetShared" */ = {
			isa = XCConfigurationList;
			buildConfigurations = (
				0AB1D310379BDDC1AA8CF6B4 /* Release */,
				28BC6DC24499D5DF986A389C /* Debug */,
			);
			defaultConfigurationIsVisible = 0;
			defaultConfigurationName = Release;
		};
		C1D6C6798FE42AEF51CE6CE5 /* Build configuration list for PBXProject "AINewsMacWidget" */ = {
			isa = XCConfigurationList;
			buildConfigurations = (
				99563CEC766DC67CE332E712 /* Debug */,
				9462423D2E2E83EABA80FE73 /* Release */,
			);
			defaultConfigurationIsVisible = 0;
			defaultConfigurationName = Release;
		};
		CFCCA4849B1F24359F6D6CC6 /* Build configuration list for PBXNativeTarget "AINewsMacApp" */ = {
			isa = XCConfigurationList;
			buildConfigurations = (
				593DB8D9F2A0B894D0403D50 /* Release */,
				AB88A7C15D7C2E7ED3CC6506 /* Debug */,
			);
			defaultConfigurationIsVisible = 0;
			defaultConfigurationName = Release;
		};
/* End XCConfigurationList section */
	};
	rootObject = 8680CC5805C91D48AEBCF825 /* Project object */;
}
